// !$*UTF8*$!
{
	archiveVersion = 1;
	classes = {
	};
	objectVersion = 48;
	objects = {

/* Begin PBXBuildFile section */
		BC40B2A01F7CECCC00B968D4 /* AppDelegate.m in Sources */ = {isa = PBXBuildFile; fileRef = BC40B29F1F7CECCC00B968D4 /* AppDelegate.m */; };
		BC40B2A31F7CECCC00B968D4 /* ViewController.m in Sources */ = {isa = PBXBuildFile; fileRef = BC40B2A21F7CECCC00B968D4 /* ViewController.m */; };
		BC40B2A81F7CECCC00B968D4 /* Assets.xcassets in Resources */ = {isa = PBXBuildFile; fileRef = BC40B2A71F7CECCC00B968D4 /* Assets.xcassets */; };
		BC40B2AB1F7CECCC00B968D4 /* LaunchScreen.storyboard in Resources */ = {isa = PBXBuildFile; fileRef = BC40B2A91F7CECCC00B968D4 /* LaunchScreen.storyboard */; };
		BC40B2AE1F7CECCC00B968D4 /* main.m in Sources */ = {isa = PBXBuildFile; fileRef = BC40B2AD1F7CECCC00B968D4 /* main.m */; };
		BC40B2B81F7CECCC00B968D4 /* MYPageViewTests.m in Sources */ = {isa = PBXBuildFile; fileRef = BC40B2B71F7CECCC00B968D4 /* MYPageViewTests.m */; };
		BC40B2C31F7CECCC00B968D4 /* MYPageViewUITests.m in Sources */ = {isa = PBXBuildFile; fileRef = BC40B2C21F7CECCC00B968D4 /* MYPageViewUITests.m */; };
		BC40B2D31F7CED6C00B968D4 /* MYPageView.m in Sources */ = {isa = PBXBuildFile; fileRef = BC40B2D21F7CED6C00B968D4 /* MYPageView.m */; };
		BC40B2D71F7CF7D800B968D4 /* MYPageTitleView.m in Sources */ = {isa = PBXBuildFile; fileRef = BC40B2D61F7CF7D800B968D4 /* MYPageTitleView.m */; };
		BC40B2DA1F7CFAED00B968D4 /* MYPageContentView.m in Sources */ = {isa = PBXBuildFile; fileRef = BC40B2D91F7CFAED00B968D4 /* MYPageContentView.m */; };
		BCD1457C1F8B0C7D0083987E /* MYPageViewStyle.m in Sources */ = {isa = PBXBuildFile; fileRef = BCD1457B1F8B0C7D0083987E /* MYPageViewStyle.m */; };
/* End PBXBuildFile section */

/* Begin PBXContainerItemProxy section */
		BC40B2B41F7CECCC00B968D4 /* PBXContainerItemProxy */ = {
			isa = PBXContainerItemProxy;
			containerPortal = BC40B2931F7CECCC00B968D4 /* Project object */;
			proxyType = 1;
			remoteGlobalIDString = BC40B29A1F7CECCC00B968D4;
			remoteInfo = MYPageView;
		};
		BC40B2BF1F7CECCC00B968D4 /* PBXContainerItemProxy */ = {
			isa = PBXContainerItemProxy;
			containerPortal = BC40B2931F7CECCC00B968D4 /* Project object */;
			proxyType = 1;
			remoteGlobalIDString = BC40B29A1F7CECCC00B968D4;
			remoteInfo = MYPageView;
		};
/* End PBXContainerItemProxy section */

/* Begin PBXFileReference section */
		BC40B29B1F7CECCC00B968D4 /* MYPageView.app */ = {isa = PBXFileReference; explicitFileType = wrapper.application; includeInIndex = 0; path = MYPageView.app; sourceTree = BUILT_PRODUCTS_DIR; };
		BC40B29E1F7CECCC00B968D4 /* AppDelegate.h */ = {isa = PBXFileReference; lastKnownFileType = sourcecode.c.h; path = AppDelegate.h; sourceTree = "<group>"; };
		BC40B29F1F7CECCC00B968D4 /* AppDelegate.m */ = {isa = PBXFileReference; lastKnownFileType = sourcecode.c.objc; path = AppDelegate.m; sourceTree = "<group>"; };
		BC40B2A11F7CECCC00B968D4 /* ViewController.h */ = {isa = PBXFileReference; lastKnownFileType = sourcecode.c.h; path = ViewController.h; sourceTree = "<group>"; };
		BC40B2A21F7CECCC00B968D4 /* ViewController.m */ = {isa = PBXFileReference; lastKnownFileType = sourcecode.c.objc; path = ViewController.m; sourceTree = "<group>"; };
		BC40B2A71F7CECCC00B968D4 /* Assets.xcassets */ = {isa = PBXFileReference; lastKnownFileType = folder.assetcatalog; path = Assets.xcassets; sourceTree = "<group>"; };
		BC40B2AA1F7CECCC00B968D4 /* Base */ = {isa = PBXFileReference; lastKnownFileType = file.storyboard; name = Base; path = Base.lproj/LaunchScreen.storyboard; sourceTree = "<group>"; };
		BC40B2AC1F7CECCC00B968D4 /* Info.plist */ = {isa = PBXFileReference; lastKnownFileType = text.plist.xml; path = Info.plist; sourceTree = "<group>"; };
		BC40B2AD1F7CECCC00B968D4 /* main.m */ = {isa = PBXFileReference; lastKnownFileType = sourcecode.c.objc; path = main.m; sourceTree = "<group>"; };
		BC40B2B31F7CECCC00B968D4 /* MYPageViewTests.xctest */ = {isa = PBXFileReference; explicitFileType = wrapper.cfbundle; includeInIndex = 0; path = MYPageViewTests.xctest; sourceTree = BUILT_PRODUCTS_DIR; };
		BC40B2B71F7CECCC00B968D4 /* MYPageViewTests.m */ = {isa = PBXFileReference; lastKnownFileType = sourcecode.c.objc; path = MYPageViewTests.m; sourceTree = "<group>"; };
		BC40B2B91F7CECCC00B968D4 /* Info.plist */ = {isa = PBXFileReference; lastKnownFileType = text.plist.xml; path = Info.plist; sourceTree = "<group>"; };
		BC40B2BE1F7CECCC00B968D4 /* MYPageViewUITests.xctest */ = {isa = PBXFileReference; explicitFileType = wrapper.cfbundle; includeInIndex = 0; path = MYPageViewUITests.xctest; sourceTree = BUILT_PRODUCTS_DIR; };
		BC40B2C21F7CECCC00B968D4 /* MYPageViewUITests.m */ = {isa = PBXFileReference; lastKnownFileType = sourcecode.c.objc; path = MYPageViewUITests.m; sourceTree = "<group>"; };
		BC40B2C41F7CECCC00B968D4 /* Info.plist */ = {isa = PBXFileReference; lastKnownFileType = text.plist.xml; path = Info.plist; sourceTree = "<group>"; };
		BC40B2D11F7CED6C00B968D4 /* MYPageView.h */ = {isa = PBXFileReference; lastKnownFileType = sourcecode.c.h; path = MYPageView.h; sourceTree = "<group>"; };
		BC40B2D21F7CED6C00B968D4 /* MYPageView.m */ = {isa = PBXFileReference; lastKnownFileType = sourcecode.c.objc; path = MYPageView.m; sourceTree = "<group>"; };
		BC40B2D51F7CF7D800B968D4 /* MYPageTitleView.h */ = {isa = PBXFileReference; lastKnownFileType = sourcecode.c.h; path = MYPageTitleView.h; sourceTree = "<group>"; };
		BC40B2D61F7CF7D800B968D4 /* MYPageTitleView.m */ = {isa = PBXFileReference; lastKnownFileType = sourcecode.c.objc; path = MYPageTitleView.m; sourceTree = "<group>"; };
		BC40B2D81F7CFAED00B968D4 /* MYPageContentView.h */ = {isa = PBXFileReference; lastKnownFileType = sourcecode.c.h; path = MYPageContentView.h; sourceTree = "<group>"; };
		BC40B2D91F7CFAED00B968D4 /* MYPageContentView.m */ = {isa = PBXFileReference; lastKnownFileType = sourcecode.c.objc; path = MYPageContentView.m; sourceTree = "<group>"; };
		BCD1457A1F8B0C7D0083987E /* MYPageViewStyle.h */ = {isa = PBXFileReference; lastKnownFileType = sourcecode.c.h; path = MYPageViewStyle.h; sourceTree = "<group>"; };
		BCD1457B1F8B0C7D0083987E /* MYPageViewStyle.m */ = {isa = PBXFileReference; lastKnownFileType = sourcecode.c.objc; path = MYPageViewStyle.m; sourceTree = "<group>"; };
/* End PBXFileReference section */

/* Begin PBXFrameworksBuildPhase section */
		BC40B2981F7CECCC00B968D4 /* Frameworks */ = {
			isa = PBXFrameworksBuildPhase;
			buildActionMask = 2147483647;
			files = (
			);
			runOnlyForDeploymentPostprocessing = 0;
		};
		BC40B2B01F7CECCC00B968D4 /* Frameworks */ = {
			isa = PBXFrameworksBuildPhase;
			buildActionMask = 2147483647;
			files = (
			);
			runOnlyForDeploymentPostprocessing = 0;
		};
		BC40B2BB1F7CECCC00B968D4 /* Frameworks */ = {
			isa = PBXFrameworksBuildPhase;
			buildActionMask = 2147483647;
			files = (
			);
			runOnlyForDeploymentPostprocessing = 0;
		};
/* End PBXFrameworksBuildPhase section */

/* Begin PBXGroup section */
		BC40B2921F7CECCC00B968D4 = {
			isa = PBXGroup;
			children = (
				BC40B29D1F7CECCC00B968D4 /* MYPageView */,
				BC40B2B61F7CECCC00B968D4 /* MYPageViewTests */,
				BC40B2C11F7CECCC00B968D4 /* MYPageViewUITests */,
				BC40B29C1F7CECCC00B968D4 /* Products */,
			);
			sourceTree = "<group>";
		};
		BC40B29C1F7CECCC00B968D4 /* Products */ = {
			isa = PBXGroup;
			children = (
				BC40B29B1F7CECCC00B968D4 /* MYPageView.app */,
				BC40B2B31F7CECCC00B968D4 /* MYPageViewTests.xctest */,
				BC40B2BE1F7CECCC00B968D4 /* MYPageViewUITests.xctest */,
			);
			name = Products;
			sourceTree = "<group>";
		};
		BC40B29D1F7CECCC00B968D4 /* MYPageView */ = {
			isa = PBXGroup;
			children = (
				BC40B2D01F7CED1000B968D4 /* MYPageView */,
				BC40B29E1F7CECCC00B968D4 /* AppDelegate.h */,
				BC40B29F1F7CECCC00B968D4 /* AppDelegate.m */,
				BC40B2A11F7CECCC00B968D4 /* ViewController.h */,
				BC40B2A21F7CECCC00B968D4 /* ViewController.m */,
				BC40B2A71F7CECCC00B968D4 /* Assets.xcassets */,
				BC40B2A91F7CECCC00B968D4 /* LaunchScreen.storyboard */,
				BC40B2AC1F7CECCC00B968D4 /* Info.plist */,
				BC40B2AD1F7CECCC00B968D4 /* main.m */,
			);
			path = MYPageView;
			sourceTree = "<group>";
		};
		BC40B2B61F7CECCC00B968D4 /* MYPageViewTests */ = {
			isa = PBXGroup;
			children = (
				BC40B2B71F7CECCC00B968D4 /* MYPageViewTests.m */,
				BC40B2B91F7CECCC00B968D4 /* Info.plist */,
			);
			path = MYPageViewTests;
			sourceTree = "<group>";
		};
		BC40B2C11F7CECCC00B968D4 /* MYPageViewUITests */ = {
			isa = PBXGroup;
			children = (
				BC40B2C21F7CECCC00B968D4 /* MYPageViewUITests.m */,
				BC40B2C41F7CECCC00B968D4 /* Info.plist */,
			);
			path = MYPageViewUITests;
			sourceTree = "<group>";
		};
		BC40B2D01F7CED1000B968D4 /* MYPageView */ = {
			isa = PBXGroup;
			children = (
				BC40B2D11F7CED6C00B968D4 /* MYPageView.h */,
				BC40B2D21F7CED6C00B968D4 /* MYPageView.m */,
				BC40B2D51F7CF7D800B968D4 /* MYPageTitleView.h */,
				BC40B2D61F7CF7D800B968D4 /* MYPageTitleView.m */,
				BC40B2D81F7CFAED00B968D4 /* MYPageContentView.h */,
				BC40B2D91F7CFAED00B968D4 /* MYPageContentView.m */,
				BCD1457A1F8B0C7D0083987E /* MYPageViewStyle.h */,
				BCD1457B1F8B0C7D0083987E /* MYPageViewStyle.m */,
			);
			path = MYPageView;
			sourceTree = "<group>";
		};
/* End PBXGroup section */

/* Begin PBXNativeTarget section */
		BC40B29A1F7CECCC00B968D4 /* MYPageView */ = {
			isa = PBXNativeTarget;
			buildConfigurationList = BC40B2C71F7CECCC00B968D4 /* Build configuration list for PBXNativeTarget "MYPageView" */;
			buildPhases = (
				BC40B2971F7CECCC00B968D4 /* Sources */,
				BC40B2981F7CECCC00B968D4 /* Frameworks */,
				BC40B2991F7CECCC00B968D4 /* Resources */,
			);
			buildRules = (
			);
			dependencies = (
			);
			name = MYPageView;
			productName = MYPageView;
			productReference = BC40B29B1F7CECCC00B968D4 /* MYPageView.app */;
			productType = "com.apple.product-type.application";
		};
		BC40B2B21F7CECCC00B968D4 /* MYPageViewTests */ = {
			isa = PBXNativeTarget;
			buildConfigurationList = BC40B2CA1F7CECCC00B968D4 /* Build configuration list for PBXNativeTarget "MYPageViewTests" */;
			buildPhases = (
				BC40B2AF1F7CECCC00B968D4 /* Sources */,
				BC40B2B01F7CECCC00B968D4 /* Frameworks */,
				BC40B2B11F7CECCC00B968D4 /* Resources */,
			);
			buildRules = (
			);
			dependencies = (
				BC40B2B51F7CECCC00B968D4 /* PBXTargetDependency */,
			);
			name = MYPageViewTests;
			productName = MYPageViewTests;
			productReference = BC40B2B31F7CECCC00B968D4 /* MYPageViewTests.xctest */;
			productType = "com.apple.product-type.bundle.unit-test";
		};
		BC40B2BD1F7CECCC00B968D4 /* MYPageViewUITests */ = {
			isa = PBXNativeTarget;
			buildConfigurationList = BC40B2CD1F7CECCC00B968D4 /* Build configuration list for PBXNativeTarget "MYPageViewUITests" */;
			buildPhases = (
				BC40B2BA1F7CECCC00B968D4 /* Sources */,
				BC40B2BB1F7CECCC00B968D4 /* Frameworks */,
				BC40B2BC1F7CECCC00B968D4 /* Resources */,
			);
			buildRules = (
			);
			dependencies = (
				BC40B2C01F7CECCC00B968D4 /* PBXTargetDependency */,
			);
			name = MYPageViewUITests;
			productName = MYPageViewUITests;
			productReference = BC40B2BE1F7CECCC00B968D4 /* MYPageViewUITests.xctest */;
			productType = "com.apple.product-type.bundle.ui-testing";
		};
/* End PBXNativeTarget section */

/* Begin PBXProject section */
		BC40B2931F7CECCC00B968D4 /* Project object */ = {
			isa = PBXProject;
			attributes = {
				LastUpgradeCheck = 0900;
				ORGANIZATIONNAME = mayan;
				TargetAttributes = {
					BC40B29A1F7CECCC00B968D4 = {
						CreatedOnToolsVersion = 9.0;
						ProvisioningStyle = Automatic;
					};
					BC40B2B21F7CECCC00B968D4 = {
						CreatedOnToolsVersion = 9.0;
						ProvisioningStyle = Automatic;
						TestTargetID = BC40B29A1F7CECCC00B968D4;
					};
					BC40B2BD1F7CECCC00B968D4 = {
						CreatedOnToolsVersion = 9.0;
						ProvisioningStyle = Automatic;
						TestTargetID = BC40B29A1F7CECCC00B968D4;
					};
				};
			};
			buildConfigurationList = BC40B2961F7CECCC00B968D4 /* Build configuration list for PBXProject "MYPageView" */;
			compatibilityVersion = "Xcode 8.0";
			developmentRegion = en;
			hasScannedForEncodings = 0;
			knownRegions = (
				en,
				Base,
			);
			mainGroup = BC40B2921F7CECCC00B968D4;
			productRefGroup = BC40B29C1F7CECCC00B968D4 /* Products */;
			projectDirPath = "";
			projectRoot = "";
			targets = (
				BC40B29A1F7CECCC00B968D4 /* MYPageView */,
				BC40B2B21F7CECCC00B968D4 /* MYPageViewTests */,
				BC40B2BD1F7CECCC00B968D4 /* MYPageViewUITests */,
			);
		};
/* End PBXProject section */

/* Begin PBXResourcesBuildPhase section */
		BC40B2991F7CECCC00B968D4 /* Resources */ = {
			isa = PBXResourcesBuildPhase;
			buildActionMask = 2147483647;
			files = (
				BC40B2AB1F7CECCC00B968D4 /* LaunchScreen.storyboard in Resources */,
				BC40B2A81F7CECCC00B968D4 /* Assets.xcassets in Resources */,
			);
			runOnlyForDeploymentPostprocessing = 0;
		};
		BC40B2B11F7CECCC00B968D4 /* Resources */ = {
			isa = PBXResourcesBuildPhase;
			buildActionMask = 2147483647;
			files = (
			);
			runOnlyForDeploymentPostprocessing = 0;
		};
		BC40B2BC1F7CECCC00B968D4 /* Resources */ = {
			isa = PBXResourcesBuildPhase;
			buildActionMask = 2147483647;
			files = (
			);
			runOnlyForDeploymentPostprocessing = 0;
		};
/* End PBXResourcesBuildPhase section */

/* Begin PBXSourcesBuildPhase section */
		BC40B2971F7CECCC00B968D4 /* Sources */ = {
			isa = PBXSourcesBuildPhase;
			buildActionMask = 2147483647;
			files = (
				BC40B2A31F7CECCC00B968D4 /* ViewController.m in Sources */,
				BC40B2D71F7CF7D800B968D4 /* MYPageTitleView.m in Sources */,
				BC40B2DA1F7CFAED00B968D4 /* MYPageContentView.m in Sources */,
				BC40B2D31F7CED6C00B968D4 /* MYPageView.m in Sources */,
				BCD1457C1F8B0C7D0083987E /* MYPageViewStyle.m in Sources */,
				BC40B2AE1F7CECCC00B968D4 /* main.m in Sources */,
				BC40B2A01F7CECCC00B968D4 /* AppDelegate.m in Sources */,
			);
			runOnlyForDeploymentPostprocessing = 0;
		};
		BC40B2AF1F7CECCC00B968D4 /* Sources */ = {
			isa = PBXSourcesBuildPhase;
			buildActionMask = 2147483647;
			files = (
				BC40B2B81F7CECCC00B968D4 /* MYPageViewTests.m in Sources */,
			);
			runOnlyForDeploymentPostprocessing = 0;
		};
		BC40B2BA1F7CECCC00B968D4 /* Sources */ = {
			isa = PBXSourcesBuildPhase;
			buildActionMask = 2147483647;
			files = (
				BC40B2C31F7CECCC00B968D4 /* MYPageViewUITests.m in Sources */,
			);
			runOnlyForDeploymentPostprocessing = 0;
		};
/* End PBXSourcesBuildPhase section */

/* Begin PBXTargetDependency section */
		BC40B2B51F7CECCC00B968D4 /* PBXTargetDependency */ = {
			isa = PBXTargetDependency;
			target = BC40B29A1F7CECCC00B968D4 /* MYPageView */;
			targetProxy = BC40B2B41F7CECCC00B968D4 /* PBXContainerItemProxy */;
		};
		BC40B2C01F7CECCC00B968D4 /* PBXTargetDependency */ = {
			isa = PBXTargetDependency;
			target = BC40B29A1F7CECCC00B968D4 /* MYPageView */;
			targetProxy = BC40B2BF1F7CECCC00B968D4 /* PBXContainerItemProxy */;
		};
/* End PBXTargetDependency section */

/* Begin PBXVariantGroup section */
		BC40B2A91F7CECCC00B968D4 /* LaunchScreen.storyboard */ = {
			isa = PBXVariantGroup;
			children = (
				BC40B2AA1F7CECCC00B968D4 /* Base */,
			);
			name = LaunchScreen.storyboard;
			sourceTree = "<group>";
		};
/* End PBXVariantGroup section */

/* Begin XCBuildConfiguration section */
		BC40B2C51F7CECCC00B968D4 /* Debug */ = {
			isa = XCBuildConfiguration;
			buildSettings = {
				ALWAYS_SEARCH_USER_PATHS = NO;
				CLANG_ANALYZER_NONNULL = YES;
				CLANG_ANALYZER_NUMBER_OBJECT_CONVERSION = YES_AGGRESSIVE;
				CLANG_CXX_LANGUAGE_STANDARD = "gnu++14";
				CLANG_CXX_LIBRARY = "libc++";
				CLANG_ENABLE_MODULES = YES;
				CLANG_ENABLE_OBJC_ARC = YES;
				CLANG_WARN_BLOCK_CAPTURE_AUTORELEASING = YES;
				CLANG_WARN_BOOL_CONVERSION = YES;
				CLANG_WARN_COMMA = YES;
				CLANG_WARN_CONSTANT_CONVERSION = YES;
				CLANG_WARN_DIRECT_OBJC_ISA_USAGE = YES_ERROR;
				CLANG_WARN_DOCUMENTATION_COMMENTS = YES;
				CLANG_WARN_EMPTY_BODY = YES;
				CLANG_WARN_ENUM_CONVERSION = YES;
				CLANG_WARN_INFINITE_RECURSION = YES;
				CLANG_WARN_INT_CONVERSION = YES;
				CLANG_WARN_NON_LITERAL_NULL_CONVERSION = YES;
				CLANG_WARN_OBJC_LITERAL_CONVERSION = YES;
				CLANG_WARN_OBJC_ROOT_CLASS = YES_ERROR;
				CLANG_WARN_RANGE_LOOP_ANALYSIS = YES;
				CLANG_WARN_STRICT_PROTOTYPES = YES;
				CLANG_WARN_SUSPICIOUS_MOVE = YES;
				CLANG_WARN_UNGUARDED_AVAILABILITY = YES_AGGRESSIVE;
				CLANG_WARN_UNREACHABLE_CODE = YES;
				CLANG_WARN__DUPLICATE_METHOD_MATCH = YES;
				CODE_SIGN_IDENTITY = "iPhone Developer";
				COPY_PHASE_STRIP = NO;
				DEBUG_INFORMATION_FORMAT = dwarf;
				ENABLE_STRICT_OBJC_MSGSEND = YES;
				ENABLE_TESTABILITY = YES;
				GCC_C_LANGUAGE_STANDARD = gnu11;
				GCC_DYNAMIC_NO_PIC = NO;
				GCC_NO_COMMON_BLOCKS = YES;
				GCC_OPTIMIZATION_LEVEL = 0;
				GCC_PREPROCESSOR_DEFINITIONS = (
					"DEBUG=1",
					"$(inherited)",
				);
				GCC_WARN_64_TO_32_BIT_CONVERSION = YES;
				GCC_WARN_ABOUT_RETURN_TYPE = YES_ERROR;
				GCC_WARN_UNDECLARED_SELECTOR = YES;
				GCC_WARN_UNINITIALIZED_AUTOS = YES_AGGRESSIVE;
				GCC_WARN_UNUSED_FUNCTION = YES;
				GCC_WARN_UNUSED_VARIABLE = YES;
				IPHONEOS_DEPLOYMENT_TARGET = 11.0;
				MTL_ENABLE_DEBUG_INFO = YES;
				ONLY_ACTIVE_ARCH = YES;
				SDKROOT = iphoneos;
			};
			name = Debug;
		};
		BC40B2C61F7CECCC00B968D4 /* Release */ = {
			isa = XCBuildConfiguration;
			buildSettings = {
				ALWAYS_SEARCH_USER_PATHS = NO;
				CLANG_ANALYZER_NONNULL = YES;
				CLANG_ANALYZER_NUMBER_OBJECT_CONVERSION = YES_AGGRESSIVE;
				CLANG_CXX_LANGUAGE_STANDARD = "gnu++14";
				CLANG_CXX_LIBRARY = "libc++";
				CLANG_ENABLE_MODULES = YES;
				CLANG_ENABLE_OBJC_ARC = YES;
				CLANG_WARN_BLOCK_CAPTURE_AUTORELEASING = YES;
				CLANG_WARN_BOOL_CONVERSION = YES;
				CLANG_WARN_COMMA = YES;
				CLANG_WARN_CONSTANT_CONVERSION = YES;
				CLANG_WARN_DIRECT_OBJC_ISA_USAGE = YES_ERROR;
				CLANG_WARN_DOCUMENTATION_COMMENTS = YES;
				CLANG_WARN_EMPTY_BODY = YES;
				CLANG_WARN_ENUM_CONVERSION = YES;
				CLANG_WARN_INFINITE_RECURSION = YES;
				CLANG_WARN_INT_CONVERSION = YES;
				CLANG_WARN_NON_LITERAL_NULL_CONVERSION = YES;
				CLANG_WARN_OBJC_LITERAL_CONVERSION = YES;
				CLANG_WARN_OBJC_ROOT_CLASS = YES_ERROR;
				CLANG_WARN_RANGE_LOOP_ANALYSIS = YES;
				CLANG_WARN_STRICT_PROTOTYPES = YES;
				CLANG_WARN_SUSPICIOUS_MOVE = YES;
				CLANG_WARN_UNGUARDED_AVAILABILITY = YES_AGGRESSIVE;
				CLANG_WARN_UNREACHABLE_CODE = YES;
				CLANG_WARN__DUPLICATE_METHOD_MATCH = YES;
				CODE_SIGN_IDENTITY = "iPhone Developer";
				COPY_PHASE_STRIP = NO;
				DEBUG_INFORMATION_FORMAT = "dwarf-with-dsym";
				ENABLE_NS_ASSERTIONS = NO;
				ENABLE_STRICT_OBJC_MSGSEND = YES;
				GCC_C_LANGUAGE_STANDARD = gnu11;
				GCC_NO_COMMON_BLOCKS = YES;
				GCC_WARN_64_TO_32_BIT_CONVERSION = YES;
				GCC_WARN_ABOUT_RETURN_TYPE = YES_ERROR;
				GCC_WARN_UNDECLARED_SELECTOR = YES;
				GCC_WARN_UNINITIALIZED_AUTOS = YES_AGGRESSIVE;
				GCC_WARN_UNUSED_FUNCTION = YES;
				GCC_WARN_UNUSED_VARIABLE = YES;
				IPHONEOS_DEPLOYMENT_TARGET = 11.0;
				MTL_ENABLE_DEBUG_INFO = NO;
				SDKROOT = iphoneos;
				VALIDATE_PRODUCT = YES;
			};
			name = Release;
		};
		BC40B2C81F7CECCC00B968D4 /* Debug */ = {
			isa = XCBuildConfiguration;
			buildSettings = {
				ASSETCATALOG_COMPILER_APPICON_NAME = AppIcon;
				CODE_SIGN_STYLE = Automatic;
				DEVELOPMENT_TEAM = T5Y5G8MDK4;
				GCC_PREFIX_HEADER = "";
				INFOPLIST_FILE = MYPageView/Info.plist;
				IPHONEOS_DEPLOYMENT_TARGET = 8.0;
				LD_RUNPATH_SEARCH_PATHS = "$(inherited) @executable_path/Frameworks";
				PRODUCT_BUNDLE_IDENTIFIER = com.mayan.MYPageView;
				PRODUCT_NAME = "$(TARGET_NAME)";
				TARGETED_DEVICE_FAMILY = 1;
			};
			name = Debug;
		};
		BC40B2C91F7CECCC00B968D4 /* Release */ = {
			isa = XCBuildConfiguration;
			buildSettings = {
				ASSETCATALOG_COMPILER_APPICON_NAME = AppIcon;
				CODE_SIGN_STYLE = Automatic;
				DEVELOPMENT_TEAM = T5Y5G8MDK4;
				GCC_PREFIX_HEADER = "";
				INFOPLIST_FILE = MYPageView/Info.plist;
				IPHONEOS_DEPLOYMENT_TARGET = 8.0;
				LD_RUNPATH_SEARCH_PATHS = "$(inherited) @executable_path/Frameworks";
				PRODUCT_BUNDLE_IDENTIFIER = com.mayan.MYPageView;
				PRODUCT_NAME = "$(TARGET_NAME)";
				TARGETED_DEVICE_FAMILY = 1;
			};
			name = Release;
		};
		BC40B2CB1F7CECCC00B968D4 /* Debug */ = {
			isa = XCBuildConfiguration;
			buildSettings = {
				BUNDLE_LOADER = "$(TEST_HOST)";
				CODE_SIGN_STYLE = Automatic;
				INFOPLIST_FILE = MYPageViewTests/Info.plist;
				LD_RUNPATH_SEARCH_PATHS = "$(inherited) @executable_path/Frameworks @loader_path/Frameworks";
				PRODUCT_BUNDLE_IDENTIFIER = com.mayan.MYPageViewTests;
				PRODUCT_NAME = "$(TARGET_NAME)";
				TARGETED_DEVICE_FAMILY = "1,2";
				TEST_HOST = "$(BUILT_PRODUCTS_DIR)/MYPageView.app/MYPageView";
			};
			name = Debug;
		};
		BC40B2CC1F7CECCC00B968D4 /* Release */ = {
			isa = XCBuildConfiguration;
			buildSettings = {
				BUNDLE_LOADER = "$(TEST_HOST)";
				CODE_SIGN_STYLE = Automatic;
				INFOPLIST_FILE = MYPageViewTests/Info.plist;
				LD_RUNPATH_SEARCH_PATHS = "$(inherited) @executable_path/Frameworks @loader_path/Frameworks";
				PRODUCT_BUNDLE_IDENTIFIER = com.mayan.MYPageViewTests;
				PRODUCT_NAME = "$(TARGET_NAME)";
				TARGETED_DEVICE_FAMILY = "1,2";
				TEST_HOST = "$(BUILT_PRODUCTS_DIR)/MYPageView.app/MYPageView";
			};
			name = Release;
		};
		BC40B2CE1F7CECCC00B968D4 /* Debug */ = {
			isa = XCBuildConfiguration;
			buildSettings = {
				CODE_SIGN_STYLE = Automatic;
				INFOPLIST_FILE = MYPageViewUITests/Info.plist;
				LD_RUNPATH_SEARCH_PATHS = "$(inherited) @executable_path/Frameworks @loader_path/Frameworks";
				PRODUCT_BUNDLE_IDENTIFIER = com.mayan.MYPageViewUITests;
				PRODUCT_NAME = "$(TARGET_NAME)";
				TARGETED_DEVICE_FAMILY = "1,2";
				TEST_TARGET_NAME = MYPageView;
			};
			name = Debug;
		};
		BC40B2CF1F7CECCC00B968D4 /* Release */ = {
			isa = XCBuildConfiguration;
			buildSettings = {
				CODE_SIGN_STYLE = Automatic;
				INFOPLIST_FILE = MYPageViewUITests/Info.plist;
				LD_RUNPATH_SEARCH_PATHS = "$(inherited) @executable_path/Frameworks @loader_path/Frameworks";
				PRODUCT_BUNDLE_IDENTIFIER = com.mayan.MYPageViewUITests;
				PRODUCT_NAME = "$(TARGET_NAME)";
				TARGETED_DEVICE_FAMILY = "1,2";
				TEST_TARGET_NAME = MYPageView;
			};
			name = Release;
		};
/* End XCBuildConfiguration section */

/* Begin XCConfigurationList section */
		BC40B2961F7CECCC00B968D4 /* Build configuration list for PBXProject "MYPageView" */ = {
			isa = XCConfigurationList;
			buildConfigurations = (
				BC40B2C51F7CECCC00B968D4 /* Debug */,
				BC40B2C61F7CECCC00B968D4 /* Release */,
			);
			defaultConfigurationIsVisible = 0;
			defaultConfigurationName = Release;
		};
		BC40B2C71F7CECCC00B968D4 /* Build configuration list for PBXNativeTarget "MYPageView" */ = {
			isa = XCConfigurationList;
			buildConfigurations = (
				BC40B2C81F7CECCC00B968D4 /* Debug */,
				BC40B2C91F7CECCC00B968D4 /* Release */,
			);
			defaultConfigurationIsVisible = 0;
			defaultConfigurationName = Release;
		};
		BC40B2CA1F7CECCC00B968D4 /* Build configuration list for PBXNativeTarget "MYPageViewTests" */ = {
			isa = XCConfigurationList;
			buildConfigurations = (
				BC40B2CB1F7CECCC00B968D4 /* Debug */,
				BC40B2CC1F7CECCC00B968D4 /* Release */,
			);
			defaultConfigurationIsVisible = 0;
			defaultConfigurationName = Release;
		};
		BC40B2CD1F7CECCC00B968D4 /* Build configuration list for PBXNativeTarget "MYPageViewUITests" */ = {
			isa = XCConfigurationList;
			buildConfigurations = (
				BC40B2CE1F7CECCC00B968D4 /* Debug */,
				BC40B2CF1F7CECCC00B968D4 /* Release */,
			);
			defaultConfigurationIsVisible = 0;
			defaultConfigurationName = Release;
		};
/* End XCConfigurationList section */
	};
	rootObject = BC40B2931F7CECCC00B968D4 /* Project object */;
}
