// !$*UTF8*$!
{
	archiveVersion = 1;
	classes = {
	};
	objectVersion = 48;
	objects = {

/* Begin PBXBuildFile section */
		BC374C391F8B6B920054BD6A /* MYRoomViewController.m in Sources */ = {isa = PBXBuildFile; fileRef = BC374C381F8B6B920054BD6A /* MYRoomViewController.m */; };
		BC374C3E1F8B6C620054BD6A /* MYAnchorModel.m in Sources */ = {isa = PBXBuildFile; fileRef = BC374C3D1F8B6C620054BD6A /* MYAnchorModel.m */; };
		BC374C781F8B73EE0054BD6A /* AFHTTPSessionManager.m in Sources */ = {isa = PBXBuildFile; fileRef = BC374C411F8B73EE0054BD6A /* AFHTTPSessionManager.m */; };
		BC374C791F8B73EE0054BD6A /* AFNetworkReachabilityManager.m in Sources */ = {isa = PBXBuildFile; fileRef = BC374C441F8B73EE0054BD6A /* AFNetworkReachabilityManager.m */; };
		BC374C7A1F8B73EE0054BD6A /* AFSecurityPolicy.m in Sources */ = {isa = PBXBuildFile; fileRef = BC374C461F8B73EE0054BD6A /* AFSecurityPolicy.m */; };
		BC374C7B1F8B73EE0054BD6A /* AFURLRequestSerialization.m in Sources */ = {isa = PBXBuildFile; fileRef = BC374C481F8B73EE0054BD6A /* AFURLRequestSerialization.m */; };
		BC374C7C1F8B73EE0054BD6A /* AFURLResponseSerialization.m in Sources */ = {isa = PBXBuildFile; fileRef = BC374C4A1F8B73EE0054BD6A /* AFURLResponseSerialization.m */; };
		BC374C7D1F8B73EE0054BD6A /* AFURLSessionManager.m in Sources */ = {isa = PBXBuildFile; fileRef = BC374C4C1F8B73EE0054BD6A /* AFURLSessionManager.m */; };
		BC374C7E1F8B73EE0054BD6A /* MBProgressHUD.m in Sources */ = {isa = PBXBuildFile; fileRef = BC374C4F1F8B73EE0054BD6A /* MBProgressHUD.m */; };
		BC374C7F1F8B73EE0054BD6A /* MKAnnotationView+WebCache.m in Sources */ = {isa = PBXBuildFile; fileRef = BC374C521F8B73EE0054BD6A /* MKAnnotationView+WebCache.m */; };
		BC374C801F8B73EE0054BD6A /* NSData+ImageContentType.m in Sources */ = {isa = PBXBuildFile; fileRef = BC374C541F8B73EE0054BD6A /* NSData+ImageContentType.m */; };
		BC374C811F8B73EE0054BD6A /* NSImage+WebCache.m in Sources */ = {isa = PBXBuildFile; fileRef = BC374C561F8B73EE0054BD6A /* NSImage+WebCache.m */; };
		BC374C821F8B73EE0054BD6A /* SDImageCache.m in Sources */ = {isa = PBXBuildFile; fileRef = BC374C581F8B73EE0054BD6A /* SDImageCache.m */; };
		BC374C831F8B73EE0054BD6A /* SDImageCacheConfig.m in Sources */ = {isa = PBXBuildFile; fileRef = BC374C5A1F8B73EE0054BD6A /* SDImageCacheConfig.m */; };
		BC374C841F8B73EE0054BD6A /* SDWebImageCompat.m in Sources */ = {isa = PBXBuildFile; fileRef = BC374C5C1F8B73EE0054BD6A /* SDWebImageCompat.m */; };
		BC374C851F8B73EE0054BD6A /* SDWebImageDecoder.m in Sources */ = {isa = PBXBuildFile; fileRef = BC374C5E1F8B73EE0054BD6A /* SDWebImageDecoder.m */; };
		BC374C861F8B73EE0054BD6A /* SDWebImageDownloader.m in Sources */ = {isa = PBXBuildFile; fileRef = BC374C601F8B73EE0054BD6A /* SDWebImageDownloader.m */; };
		BC374C871F8B73EE0054BD6A /* SDWebImageDownloaderOperation.m in Sources */ = {isa = PBXBuildFile; fileRef = BC374C621F8B73EE0054BD6A /* SDWebImageDownloaderOperation.m */; };
		BC374C881F8B73EE0054BD6A /* SDWebImageManager.m in Sources */ = {isa = PBXBuildFile; fileRef = BC374C641F8B73EE0054BD6A /* SDWebImageManager.m */; };
		BC374C891F8B73EE0054BD6A /* SDWebImagePrefetcher.m in Sources */ = {isa = PBXBuildFile; fileRef = BC374C671F8B73EE0054BD6A /* SDWebImagePrefetcher.m */; };
		BC374C8A1F8B73EE0054BD6A /* UIButton+WebCache.m in Sources */ = {isa = PBXBuildFile; fileRef = BC374C691F8B73EE0054BD6A /* UIButton+WebCache.m */; };
		BC374C8B1F8B73EE0054BD6A /* UIImage+GIF.m in Sources */ = {isa = PBXBuildFile; fileRef = BC374C6B1F8B73EE0054BD6A /* UIImage+GIF.m */; };
		BC374C8C1F8B73EE0054BD6A /* UIImage+MultiFormat.m in Sources */ = {isa = PBXBuildFile; fileRef = BC374C6D1F8B73EE0054BD6A /* UIImage+MultiFormat.m */; };
		BC374C8D1F8B73EE0054BD6A /* UIImage+WebP.m in Sources */ = {isa = PBXBuildFile; fileRef = BC374C6F1F8B73EE0054BD6A /* UIImage+WebP.m */; };
		BC374C8E1F8B73EE0054BD6A /* UIImageView+HighlightedWebCache.m in Sources */ = {isa = PBXBuildFile; fileRef = BC374C711F8B73EE0054BD6A /* UIImageView+HighlightedWebCache.m */; };
		BC374C8F1F8B73EE0054BD6A /* UIImageView+WebCache.m in Sources */ = {isa = PBXBuildFile; fileRef = BC374C731F8B73EE0054BD6A /* UIImageView+WebCache.m */; };
		BC374C901F8B73EE0054BD6A /* UIView+WebCache.m in Sources */ = {isa = PBXBuildFile; fileRef = BC374C751F8B73EE0054BD6A /* UIView+WebCache.m */; };
		BC374C911F8B73EE0054BD6A /* UIView+WebCacheOperation.m in Sources */ = {isa = PBXBuildFile; fileRef = BC374C771F8B73EE0054BD6A /* UIView+WebCacheOperation.m */; };
		BC374C991F8B76D00054BD6A /* MYHTTPTool.m in Sources */ = {isa = PBXBuildFile; fileRef = BC374C981F8B76D00054BD6A /* MYHTTPTool.m */; };
		BC374C9C1F8B78460054BD6A /* MYHomeDataService.m in Sources */ = {isa = PBXBuildFile; fileRef = BC374C9B1F8B78460054BD6A /* MYHomeDataService.m */; };
		BC374CB31F8B79E30054BD6A /* MJExtensionConst.m in Sources */ = {isa = PBXBuildFile; fileRef = BC374CA01F8B79E30054BD6A /* MJExtensionConst.m */; };
		BC374CB41F8B79E30054BD6A /* MJFoundation.m in Sources */ = {isa = PBXBuildFile; fileRef = BC374CA21F8B79E30054BD6A /* MJFoundation.m */; };
		BC374CB51F8B79E30054BD6A /* MJProperty.m in Sources */ = {isa = PBXBuildFile; fileRef = BC374CA41F8B79E30054BD6A /* MJProperty.m */; };
		BC374CB61F8B79E30054BD6A /* MJPropertyKey.m in Sources */ = {isa = PBXBuildFile; fileRef = BC374CA61F8B79E30054BD6A /* MJPropertyKey.m */; };
		BC374CB71F8B79E30054BD6A /* MJPropertyType.m in Sources */ = {isa = PBXBuildFile; fileRef = BC374CA81F8B79E30054BD6A /* MJPropertyType.m */; };
		BC374CB81F8B79E30054BD6A /* NSObject+MJClass.m in Sources */ = {isa = PBXBuildFile; fileRef = BC374CAA1F8B79E30054BD6A /* NSObject+MJClass.m */; };
		BC374CB91F8B79E30054BD6A /* NSObject+MJCoding.m in Sources */ = {isa = PBXBuildFile; fileRef = BC374CAC1F8B79E30054BD6A /* NSObject+MJCoding.m */; };
		BC374CBA1F8B79E30054BD6A /* NSObject+MJKeyValue.m in Sources */ = {isa = PBXBuildFile; fileRef = BC374CAE1F8B79E30054BD6A /* NSObject+MJKeyValue.m */; };
		BC374CBB1F8B79E30054BD6A /* NSObject+MJProperty.m in Sources */ = {isa = PBXBuildFile; fileRef = BC374CB01F8B79E30054BD6A /* NSObject+MJProperty.m */; };
		BC374CBC1F8B79E30054BD6A /* NSString+MJExtension.m in Sources */ = {isa = PBXBuildFile; fileRef = BC374CB21F8B79E30054BD6A /* NSString+MJExtension.m */; };
		BC374CC01F8C60430054BD6A /* MYAnchorCell.m in Sources */ = {isa = PBXBuildFile; fileRef = BC374CBE1F8C60430054BD6A /* MYAnchorCell.m */; };
		BC374CC11F8C60430054BD6A /* MYAnchorCell.xib in Resources */ = {isa = PBXBuildFile; fileRef = BC374CBF1F8C60430054BD6A /* MYAnchorCell.xib */; };
		BC40B1DB1F7CB0F400B968D4 /* Assets.xcassets in Resources */ = {isa = PBXBuildFile; fileRef = BC40B1DA1F7CB0F400B968D4 /* Assets.xcassets */; };
		BC40B1E11F7CB0F400B968D4 /* main.m in Sources */ = {isa = PBXBuildFile; fileRef = BC40B1E01F7CB0F400B968D4 /* main.m */; };
		BC40B1EB1F7CB0F500B968D4 /* MYLiveBroadcastTests.m in Sources */ = {isa = PBXBuildFile; fileRef = BC40B1EA1F7CB0F500B968D4 /* MYLiveBroadcastTests.m */; };
		BC40B1F61F7CB0F500B968D4 /* MYLiveBroadcastUITests.m in Sources */ = {isa = PBXBuildFile; fileRef = BC40B1F51F7CB0F500B968D4 /* MYLiveBroadcastUITests.m */; };
		BC40B2591F7CB30300B968D4 /* AppDelegate.m in Sources */ = {isa = PBXBuildFile; fileRef = BC40B2061F7CB30300B968D4 /* AppDelegate.m */; };
		BC40B25A1F7CB30300B968D4 /* UIBarButtonItem+Extension.m in Sources */ = {isa = PBXBuildFile; fileRef = BC40B2091F7CB30300B968D4 /* UIBarButtonItem+Extension.m */; };
		BC40B25B1F7CB30300B968D4 /* MYNavigationController.m in Sources */ = {isa = PBXBuildFile; fileRef = BC40B20C1F7CB30300B968D4 /* MYNavigationController.m */; };
		BC40B25C1F7CB30300B968D4 /* MYTabBarController.m in Sources */ = {isa = PBXBuildFile; fileRef = BC40B20E1F7CB30300B968D4 /* MYTabBarController.m */; };
		BC40B25D1F7CB30300B968D4 /* MYPlacehoderTextView.m in Sources */ = {isa = PBXBuildFile; fileRef = BC40B2111F7CB30300B968D4 /* MYPlacehoderTextView.m */; };
		BC40B25F1F7CB30300B968D4 /* NSArray+YYAdd.m in Sources */ = {isa = PBXBuildFile; fileRef = BC40B2191F7CB30300B968D4 /* NSArray+YYAdd.m */; };
		BC40B2601F7CB30300B968D4 /* NSBundle+YYAdd.m in Sources */ = {isa = PBXBuildFile; fileRef = BC40B21B1F7CB30300B968D4 /* NSBundle+YYAdd.m */; };
		BC40B2611F7CB30300B968D4 /* NSData+YYAdd.m in Sources */ = {isa = PBXBuildFile; fileRef = BC40B21D1F7CB30300B968D4 /* NSData+YYAdd.m */; };
		BC40B2621F7CB30300B968D4 /* NSDate+YYAdd.m in Sources */ = {isa = PBXBuildFile; fileRef = BC40B21F1F7CB30300B968D4 /* NSDate+YYAdd.m */; };
		BC40B2631F7CB30300B968D4 /* NSDictionary+YYAdd.m in Sources */ = {isa = PBXBuildFile; fileRef = BC40B2211F7CB30300B968D4 /* NSDictionary+YYAdd.m */; };
		BC40B2641F7CB30300B968D4 /* NSKeyedUnarchiver+YYAdd.m in Sources */ = {isa = PBXBuildFile; fileRef = BC40B2231F7CB30300B968D4 /* NSKeyedUnarchiver+YYAdd.m */; };
		BC40B2651F7CB30300B968D4 /* NSNotificationCenter+YYAdd.m in Sources */ = {isa = PBXBuildFile; fileRef = BC40B2251F7CB30300B968D4 /* NSNotificationCenter+YYAdd.m */; };
		BC40B2661F7CB30300B968D4 /* NSNumber+YYAdd.m in Sources */ = {isa = PBXBuildFile; fileRef = BC40B2271F7CB30300B968D4 /* NSNumber+YYAdd.m */; };
		BC40B2671F7CB30300B968D4 /* NSObject+YYAdd.m in Sources */ = {isa = PBXBuildFile; fileRef = BC40B2291F7CB30300B968D4 /* NSObject+YYAdd.m */; };
		BC40B2681F7CB30300B968D4 /* NSObject+YYAddForARC.m in Sources */ = {isa = PBXBuildFile; fileRef = BC40B22B1F7CB30300B968D4 /* NSObject+YYAddForARC.m */; settings = {COMPILER_FLAGS = "-fno-objc-arc"; }; };
		BC40B2691F7CB30300B968D4 /* NSObject+YYAddForKVO.m in Sources */ = {isa = PBXBuildFile; fileRef = BC40B22D1F7CB30300B968D4 /* NSObject+YYAddForKVO.m */; };
		BC40B26A1F7CB30300B968D4 /* NSString+YYAdd.m in Sources */ = {isa = PBXBuildFile; fileRef = BC40B22F1F7CB30300B968D4 /* NSString+YYAdd.m */; };
		BC40B26B1F7CB30300B968D4 /* NSThread+YYAdd.m in Sources */ = {isa = PBXBuildFile; fileRef = BC40B2311F7CB30300B968D4 /* NSThread+YYAdd.m */; settings = {COMPILER_FLAGS = "-fno-objc-arc"; }; };
		BC40B26C1F7CB30300B968D4 /* NSTimer+YYAdd.m in Sources */ = {isa = PBXBuildFile; fileRef = BC40B2331F7CB30300B968D4 /* NSTimer+YYAdd.m */; };
		BC40B26D1F7CB30300B968D4 /* CALayer+YYAdd.m in Sources */ = {isa = PBXBuildFile; fileRef = BC40B2361F7CB30300B968D4 /* CALayer+YYAdd.m */; };
		BC40B26E1F7CB30300B968D4 /* YYCGUtilities.m in Sources */ = {isa = PBXBuildFile; fileRef = BC40B2381F7CB30300B968D4 /* YYCGUtilities.m */; };
		BC40B26F1F7CB30300B968D4 /* UIApplication+YYAdd.m in Sources */ = {isa = PBXBuildFile; fileRef = BC40B23B1F7CB30300B968D4 /* UIApplication+YYAdd.m */; };
		BC40B2701F7CB30300B968D4 /* UIBarButtonItem+YYAdd.m in Sources */ = {isa = PBXBuildFile; fileRef = BC40B23D1F7CB30300B968D4 /* UIBarButtonItem+YYAdd.m */; };
		BC40B2711F7CB30300B968D4 /* UIBezierPath+YYAdd.m in Sources */ = {isa = PBXBuildFile; fileRef = BC40B23F1F7CB30300B968D4 /* UIBezierPath+YYAdd.m */; };
		BC40B2721F7CB30300B968D4 /* UIColor+YYAdd.m in Sources */ = {isa = PBXBuildFile; fileRef = BC40B2411F7CB30300B968D4 /* UIColor+YYAdd.m */; };
		BC40B2731F7CB30300B968D4 /* UIControl+YYAdd.m in Sources */ = {isa = PBXBuildFile; fileRef = BC40B2431F7CB30300B968D4 /* UIControl+YYAdd.m */; };
		BC40B2741F7CB30300B968D4 /* UIDevice+YYAdd.m in Sources */ = {isa = PBXBuildFile; fileRef = BC40B2451F7CB30300B968D4 /* UIDevice+YYAdd.m */; };
		BC40B2751F7CB30300B968D4 /* UIFont+YYAdd.m in Sources */ = {isa = PBXBuildFile; fileRef = BC40B2471F7CB30300B968D4 /* UIFont+YYAdd.m */; };
		BC40B2761F7CB30300B968D4 /* UIGestureRecognizer+YYAdd.m in Sources */ = {isa = PBXBuildFile; fileRef = BC40B2491F7CB30300B968D4 /* UIGestureRecognizer+YYAdd.m */; };
		BC40B2771F7CB30300B968D4 /* UIImage+YYAdd.m in Sources */ = {isa = PBXBuildFile; fileRef = BC40B24B1F7CB30300B968D4 /* UIImage+YYAdd.m */; };
		BC40B2781F7CB30300B968D4 /* UIScreen+YYAdd.m in Sources */ = {isa = PBXBuildFile; fileRef = BC40B24D1F7CB30300B968D4 /* UIScreen+YYAdd.m */; };
		BC40B2791F7CB30300B968D4 /* UIScrollView+YYAdd.m in Sources */ = {isa = PBXBuildFile; fileRef = BC40B24F1F7CB30300B968D4 /* UIScrollView+YYAdd.m */; };
		BC40B27A1F7CB30300B968D4 /* UITableView+YYAdd.m in Sources */ = {isa = PBXBuildFile; fileRef = BC40B2511F7CB30300B968D4 /* UITableView+YYAdd.m */; };
		BC40B27B1F7CB30300B968D4 /* UITextField+YYAdd.m in Sources */ = {isa = PBXBuildFile; fileRef = BC40B2531F7CB30300B968D4 /* UITextField+YYAdd.m */; };
		BC40B27C1F7CB30300B968D4 /* UIView+YYAdd.m in Sources */ = {isa = PBXBuildFile; fileRef = BC40B2551F7CB30300B968D4 /* UIView+YYAdd.m */; };
		BC40B2881F7CB49B00B968D4 /* MYHomeViewController.m in Sources */ = {isa = PBXBuildFile; fileRef = BC40B2871F7CB49B00B968D4 /* MYHomeViewController.m */; };
		BC40B28B1F7CB4BC00B968D4 /* MYDiscoverViewController.m in Sources */ = {isa = PBXBuildFile; fileRef = BC40B28A1F7CB4BC00B968D4 /* MYDiscoverViewController.m */; };
		BC40B28E1F7CB4C800B968D4 /* MYProfileViewController.m in Sources */ = {isa = PBXBuildFile; fileRef = BC40B28D1F7CB4C800B968D4 /* MYProfileViewController.m */; };
		BC40B2911F7CB4D200B968D4 /* MYRankViewController.m in Sources */ = {isa = PBXBuildFile; fileRef = BC40B2901F7CB4D200B968D4 /* MYRankViewController.m */; };
		BC63C6BF1F8B5FC500A2DA7B /* MYAnchorViewController.m in Sources */ = {isa = PBXBuildFile; fileRef = BC63C6BE1F8B5FC500A2DA7B /* MYAnchorViewController.m */; };
		BC7658A81F90CF1600104BEF /* MYScrollPageCollectionView.m in Sources */ = {isa = PBXBuildFile; fileRef = BC7658A11F90CF1600104BEF /* MYScrollPageCollectionView.m */; };
		BC7658A91F90CF1600104BEF /* MYScrollPageStyle.m in Sources */ = {isa = PBXBuildFile; fileRef = BC7658A31F90CF1600104BEF /* MYScrollPageStyle.m */; };
		BC7658AA1F90CF1600104BEF /* MYScrollPageTitleBar.m in Sources */ = {isa = PBXBuildFile; fileRef = BC7658A51F90CF1600104BEF /* MYScrollPageTitleBar.m */; };
		BC7658AB1F90CF1600104BEF /* MYScrollPageView.m in Sources */ = {isa = PBXBuildFile; fileRef = BC7658A71F90CF1600104BEF /* MYScrollPageView.m */; };
		BC7658B61F90D17000104BEF /* YYFPSLabel.m in Sources */ = {isa = PBXBuildFile; fileRef = BC7658B31F90D16F00104BEF /* YYFPSLabel.m */; };
		BC7658B71F90D17000104BEF /* YYWeakProxy.m in Sources */ = {isa = PBXBuildFile; fileRef = BC7658B51F90D16F00104BEF /* YYWeakProxy.m */; };
		BC9ED9EC1F8C6FB200879220 /* MYRoomViewController.xib in Resources */ = {isa = PBXBuildFile; fileRef = BC9ED9EB1F8C6FB200879220 /* MYRoomViewController.xib */; };
		BC9ED9F01F8CC7CB00879220 /* CALayer+ParticleAnimation.m in Sources */ = {isa = PBXBuildFile; fileRef = BC9ED9EF1F8CC7CB00879220 /* CALayer+ParticleAnimation.m */; };
		BCD146281F8B5EE60083987E /* MYWaterFallLayout.m in Sources */ = {isa = PBXBuildFile; fileRef = BCD146271F8B5EE60083987E /* MYWaterFallLayout.m */; };
/* End PBXBuildFile section */

/* Begin PBXContainerItemProxy section */
		BC40B1E71F7CB0F500B968D4 /* PBXContainerItemProxy */ = {
			isa = PBXContainerItemProxy;
			containerPortal = BC40B1C61F7CB0F400B968D4 /* Project object */;
			proxyType = 1;
			remoteGlobalIDString = BC40B1CD1F7CB0F400B968D4;
			remoteInfo = MYLiveBroadcast;
		};
		BC40B1F21F7CB0F500B968D4 /* PBXContainerItemProxy */ = {
			isa = PBXContainerItemProxy;
			containerPortal = BC40B1C61F7CB0F400B968D4 /* Project object */;
			proxyType = 1;
			remoteGlobalIDString = BC40B1CD1F7CB0F400B968D4;
			remoteInfo = MYLiveBroadcast;
		};
/* End PBXContainerItemProxy section */

/* Begin PBXFileReference section */
		BC374C371F8B6B920054BD6A /* MYRoomViewController.h */ = {isa = PBXFileReference; lastKnownFileType = sourcecode.c.h; path = MYRoomViewController.h; sourceTree = "<group>"; };
		BC374C381F8B6B920054BD6A /* MYRoomViewController.m */ = {isa = PBXFileReference; lastKnownFileType = sourcecode.c.objc; path = MYRoomViewController.m; sourceTree = "<group>"; };
		BC374C3C1F8B6C620054BD6A /* MYAnchorModel.h */ = {isa = PBXFileReference; lastKnownFileType = sourcecode.c.h; path = MYAnchorModel.h; sourceTree = "<group>"; };
		BC374C3D1F8B6C620054BD6A /* MYAnchorModel.m */ = {isa = PBXFileReference; lastKnownFileType = sourcecode.c.objc; path = MYAnchorModel.m; sourceTree = "<group>"; };
		BC374C401F8B73EE0054BD6A /* AFHTTPSessionManager.h */ = {isa = PBXFileReference; fileEncoding = 4; lastKnownFileType = sourcecode.c.h; path = AFHTTPSessionManager.h; sourceTree = "<group>"; };
		BC374C411F8B73EE0054BD6A /* AFHTTPSessionManager.m */ = {isa = PBXFileReference; fileEncoding = 4; lastKnownFileType = sourcecode.c.objc; path = AFHTTPSessionManager.m; sourceTree = "<group>"; };
		BC374C421F8B73EE0054BD6A /* AFNetworking.h */ = {isa = PBXFileReference; fileEncoding = 4; lastKnownFileType = sourcecode.c.h; path = AFNetworking.h; sourceTree = "<group>"; };
		BC374C431F8B73EE0054BD6A /* AFNetworkReachabilityManager.h */ = {isa = PBXFileReference; fileEncoding = 4; lastKnownFileType = sourcecode.c.h; path = AFNetworkReachabilityManager.h; sourceTree = "<group>"; };
		BC374C441F8B73EE0054BD6A /* AFNetworkReachabilityManager.m */ = {isa = PBXFileReference; fileEncoding = 4; lastKnownFileType = sourcecode.c.objc; path = AFNetworkReachabilityManager.m; sourceTree = "<group>"; };
		BC374C451F8B73EE0054BD6A /* AFSecurityPolicy.h */ = {isa = PBXFileReference; fileEncoding = 4; lastKnownFileType = sourcecode.c.h; path = AFSecurityPolicy.h; sourceTree = "<group>"; };
		BC374C461F8B73EE0054BD6A /* AFSecurityPolicy.m */ = {isa = PBXFileReference; fileEncoding = 4; lastKnownFileType = sourcecode.c.objc; path = AFSecurityPolicy.m; sourceTree = "<group>"; };
		BC374C471F8B73EE0054BD6A /* AFURLRequestSerialization.h */ = {isa = PBXFileReference; fileEncoding = 4; lastKnownFileType = sourcecode.c.h; path = AFURLRequestSerialization.h; sourceTree = "<group>"; };
		BC374C481F8B73EE0054BD6A /* AFURLRequestSerialization.m */ = {isa = PBXFileReference; fileEncoding = 4; lastKnownFileType = sourcecode.c.objc; path = AFURLRequestSerialization.m; sourceTree = "<group>"; };
		BC374C491F8B73EE0054BD6A /* AFURLResponseSerialization.h */ = {isa = PBXFileReference; fileEncoding = 4; lastKnownFileType = sourcecode.c.h; path = AFURLResponseSerialization.h; sourceTree = "<group>"; };
		BC374C4A1F8B73EE0054BD6A /* AFURLResponseSerialization.m */ = {isa = PBXFileReference; fileEncoding = 4; lastKnownFileType = sourcecode.c.objc; path = AFURLResponseSerialization.m; sourceTree = "<group>"; };
		BC374C4B1F8B73EE0054BD6A /* AFURLSessionManager.h */ = {isa = PBXFileReference; fileEncoding = 4; lastKnownFileType = sourcecode.c.h; path = AFURLSessionManager.h; sourceTree = "<group>"; };
		BC374C4C1F8B73EE0054BD6A /* AFURLSessionManager.m */ = {isa = PBXFileReference; fileEncoding = 4; lastKnownFileType = sourcecode.c.objc; path = AFURLSessionManager.m; sourceTree = "<group>"; };
		BC374C4E1F8B73EE0054BD6A /* MBProgressHUD.h */ = {isa = PBXFileReference; fileEncoding = 4; lastKnownFileType = sourcecode.c.h; path = MBProgressHUD.h; sourceTree = "<group>"; };
		BC374C4F1F8B73EE0054BD6A /* MBProgressHUD.m */ = {isa = PBXFileReference; fileEncoding = 4; lastKnownFileType = sourcecode.c.objc; path = MBProgressHUD.m; sourceTree = "<group>"; };
		BC374C511F8B73EE0054BD6A /* MKAnnotationView+WebCache.h */ = {isa = PBXFileReference; fileEncoding = 4; lastKnownFileType = sourcecode.c.h; path = "MKAnnotationView+WebCache.h"; sourceTree = "<group>"; };
		BC374C521F8B73EE0054BD6A /* MKAnnotationView+WebCache.m */ = {isa = PBXFileReference; fileEncoding = 4; lastKnownFileType = sourcecode.c.objc; path = "MKAnnotationView+WebCache.m"; sourceTree = "<group>"; };
		BC374C531F8B73EE0054BD6A /* NSData+ImageContentType.h */ = {isa = PBXFileReference; fileEncoding = 4; lastKnownFileType = sourcecode.c.h; path = "NSData+ImageContentType.h"; sourceTree = "<group>"; };
		BC374C541F8B73EE0054BD6A /* NSData+ImageContentType.m */ = {isa = PBXFileReference; fileEncoding = 4; lastKnownFileType = sourcecode.c.objc; path = "NSData+ImageContentType.m"; sourceTree = "<group>"; };
		BC374C551F8B73EE0054BD6A /* NSImage+WebCache.h */ = {isa = PBXFileReference; fileEncoding = 4; lastKnownFileType = sourcecode.c.h; path = "NSImage+WebCache.h"; sourceTree = "<group>"; };
		BC374C561F8B73EE0054BD6A /* NSImage+WebCache.m */ = {isa = PBXFileReference; fileEncoding = 4; lastKnownFileType = sourcecode.c.objc; path = "NSImage+WebCache.m"; sourceTree = "<group>"; };
		BC374C571F8B73EE0054BD6A /* SDImageCache.h */ = {isa = PBXFileReference; fileEncoding = 4; lastKnownFileType = sourcecode.c.h; path = SDImageCache.h; sourceTree = "<group>"; };
		BC374C581F8B73EE0054BD6A /* SDImageCache.m */ = {isa = PBXFileReference; fileEncoding = 4; lastKnownFileType = sourcecode.c.objc; path = SDImageCache.m; sourceTree = "<group>"; };
		BC374C591F8B73EE0054BD6A /* SDImageCacheConfig.h */ = {isa = PBXFileReference; fileEncoding = 4; lastKnownFileType = sourcecode.c.h; path = SDImageCacheConfig.h; sourceTree = "<group>"; };
		BC374C5A1F8B73EE0054BD6A /* SDImageCacheConfig.m */ = {isa = PBXFileReference; fileEncoding = 4; lastKnownFileType = sourcecode.c.objc; path = SDImageCacheConfig.m; sourceTree = "<group>"; };
		BC374C5B1F8B73EE0054BD6A /* SDWebImageCompat.h */ = {isa = PBXFileReference; fileEncoding = 4; lastKnownFileType = sourcecode.c.h; path = SDWebImageCompat.h; sourceTree = "<group>"; };
		BC374C5C1F8B73EE0054BD6A /* SDWebImageCompat.m */ = {isa = PBXFileReference; fileEncoding = 4; lastKnownFileType = sourcecode.c.objc; path = SDWebImageCompat.m; sourceTree = "<group>"; };
		BC374C5D1F8B73EE0054BD6A /* SDWebImageDecoder.h */ = {isa = PBXFileReference; fileEncoding = 4; lastKnownFileType = sourcecode.c.h; path = SDWebImageDecoder.h; sourceTree = "<group>"; };
		BC374C5E1F8B73EE0054BD6A /* SDWebImageDecoder.m */ = {isa = PBXFileReference; fileEncoding = 4; lastKnownFileType = sourcecode.c.objc; path = SDWebImageDecoder.m; sourceTree = "<group>"; };
		BC374C5F1F8B73EE0054BD6A /* SDWebImageDownloader.h */ = {isa = PBXFileReference; fileEncoding = 4; lastKnownFileType = sourcecode.c.h; path = SDWebImageDownloader.h; sourceTree = "<group>"; };
		BC374C601F8B73EE0054BD6A /* SDWebImageDownloader.m */ = {isa = PBXFileReference; fileEncoding = 4; lastKnownFileType = sourcecode.c.objc; path = SDWebImageDownloader.m; sourceTree = "<group>"; };
		BC374C611F8B73EE0054BD6A /* SDWebImageDownloaderOperation.h */ = {isa = PBXFileReference; fileEncoding = 4; lastKnownFileType = sourcecode.c.h; path = SDWebImageDownloaderOperation.h; sourceTree = "<group>"; };
		BC374C621F8B73EE0054BD6A /* SDWebImageDownloaderOperation.m */ = {isa = PBXFileReference; fileEncoding = 4; lastKnownFileType = sourcecode.c.objc; path = SDWebImageDownloaderOperation.m; sourceTree = "<group>"; };
		BC374C631F8B73EE0054BD6A /* SDWebImageManager.h */ = {isa = PBXFileReference; fileEncoding = 4; lastKnownFileType = sourcecode.c.h; path = SDWebImageManager.h; sourceTree = "<group>"; };
		BC374C641F8B73EE0054BD6A /* SDWebImageManager.m */ = {isa = PBXFileReference; fileEncoding = 4; lastKnownFileType = sourcecode.c.objc; path = SDWebImageManager.m; sourceTree = "<group>"; };
		BC374C651F8B73EE0054BD6A /* SDWebImageOperation.h */ = {isa = PBXFileReference; fileEncoding = 4; lastKnownFileType = sourcecode.c.h; path = SDWebImageOperation.h; sourceTree = "<group>"; };
		BC374C661F8B73EE0054BD6A /* SDWebImagePrefetcher.h */ = {isa = PBXFileReference; fileEncoding = 4; lastKnownFileType = sourcecode.c.h; path = SDWebImagePrefetcher.h; sourceTree = "<group>"; };
		BC374C671F8B73EE0054BD6A /* SDWebImagePrefetcher.m */ = {isa = PBXFileReference; fileEncoding = 4; lastKnownFileType = sourcecode.c.objc; path = SDWebImagePrefetcher.m; sourceTree = "<group>"; };
		BC374C681F8B73EE0054BD6A /* UIButton+WebCache.h */ = {isa = PBXFileReference; fileEncoding = 4; lastKnownFileType = sourcecode.c.h; path = "UIButton+WebCache.h"; sourceTree = "<group>"; };
		BC374C691F8B73EE0054BD6A /* UIButton+WebCache.m */ = {isa = PBXFileReference; fileEncoding = 4; lastKnownFileType = sourcecode.c.objc; path = "UIButton+WebCache.m"; sourceTree = "<group>"; };
		BC374C6A1F8B73EE0054BD6A /* UIImage+GIF.h */ = {isa = PBXFileReference; fileEncoding = 4; lastKnownFileType = sourcecode.c.h; path = "UIImage+GIF.h"; sourceTree = "<group>"; };
		BC374C6B1F8B73EE0054BD6A /* UIImage+GIF.m */ = {isa = PBXFileReference; fileEncoding = 4; lastKnownFileType = sourcecode.c.objc; path = "UIImage+GIF.m"; sourceTree = "<group>"; };
		BC374C6C1F8B73EE0054BD6A /* UIImage+MultiFormat.h */ = {isa = PBXFileReference; fileEncoding = 4; lastKnownFileType = sourcecode.c.h; path = "UIImage+MultiFormat.h"; sourceTree = "<group>"; };
		BC374C6D1F8B73EE0054BD6A /* UIImage+MultiFormat.m */ = {isa = PBXFileReference; fileEncoding = 4; lastKnownFileType = sourcecode.c.objc; path = "UIImage+MultiFormat.m"; sourceTree = "<group>"; };
		BC374C6E1F8B73EE0054BD6A /* UIImage+WebP.h */ = {isa = PBXFileReference; fileEncoding = 4; lastKnownFileType = sourcecode.c.h; path = "UIImage+WebP.h"; sourceTree = "<group>"; };
		BC374C6F1F8B73EE0054BD6A /* UIImage+WebP.m */ = {isa = PBXFileReference; fileEncoding = 4; lastKnownFileType = sourcecode.c.objc; path = "UIImage+WebP.m"; sourceTree = "<group>"; };
		BC374C701F8B73EE0054BD6A /* UIImageView+HighlightedWebCache.h */ = {isa = PBXFileReference; fileEncoding = 4; lastKnownFileType = sourcecode.c.h; path = "UIImageView+HighlightedWebCache.h"; sourceTree = "<group>"; };
		BC374C711F8B73EE0054BD6A /* UIImageView+HighlightedWebCache.m */ = {isa = PBXFileReference; fileEncoding = 4; lastKnownFileType = sourcecode.c.objc; path = "UIImageView+HighlightedWebCache.m"; sourceTree = "<group>"; };
		BC374C721F8B73EE0054BD6A /* UIImageView+WebCache.h */ = {isa = PBXFileReference; fileEncoding = 4; lastKnownFileType = sourcecode.c.h; path = "UIImageView+WebCache.h"; sourceTree = "<group>"; };
		BC374C731F8B73EE0054BD6A /* UIImageView+WebCache.m */ = {isa = PBXFileReference; fileEncoding = 4; lastKnownFileType = sourcecode.c.objc; path = "UIImageView+WebCache.m"; sourceTree = "<group>"; };
		BC374C741F8B73EE0054BD6A /* UIView+WebCache.h */ = {isa = PBXFileReference; fileEncoding = 4; lastKnownFileType = sourcecode.c.h; path = "UIView+WebCache.h"; sourceTree = "<group>"; };
		BC374C751F8B73EE0054BD6A /* UIView+WebCache.m */ = {isa = PBXFileReference; fileEncoding = 4; lastKnownFileType = sourcecode.c.objc; path = "UIView+WebCache.m"; sourceTree = "<group>"; };
		BC374C761F8B73EE0054BD6A /* UIView+WebCacheOperation.h */ = {isa = PBXFileReference; fileEncoding = 4; lastKnownFileType = sourcecode.c.h; path = "UIView+WebCacheOperation.h"; sourceTree = "<group>"; };
		BC374C771F8B73EE0054BD6A /* UIView+WebCacheOperation.m */ = {isa = PBXFileReference; fileEncoding = 4; lastKnownFileType = sourcecode.c.objc; path = "UIView+WebCacheOperation.m"; sourceTree = "<group>"; };
		BC374C971F8B76D00054BD6A /* MYHTTPTool.h */ = {isa = PBXFileReference; fileEncoding = 4; lastKnownFileType = sourcecode.c.h; path = MYHTTPTool.h; sourceTree = "<group>"; };
		BC374C981F8B76D00054BD6A /* MYHTTPTool.m */ = {isa = PBXFileReference; fileEncoding = 4; lastKnownFileType = sourcecode.c.objc; path = MYHTTPTool.m; sourceTree = "<group>"; };
		BC374C9A1F8B78460054BD6A /* MYHomeDataService.h */ = {isa = PBXFileReference; lastKnownFileType = sourcecode.c.h; path = MYHomeDataService.h; sourceTree = "<group>"; };
		BC374C9B1F8B78460054BD6A /* MYHomeDataService.m */ = {isa = PBXFileReference; lastKnownFileType = sourcecode.c.objc; path = MYHomeDataService.m; sourceTree = "<group>"; };
		BC374C9E1F8B79E30054BD6A /* MJExtension.h */ = {isa = PBXFileReference; fileEncoding = 4; lastKnownFileType = sourcecode.c.h; path = MJExtension.h; sourceTree = "<group>"; };
		BC374C9F1F8B79E30054BD6A /* MJExtensionConst.h */ = {isa = PBXFileReference; fileEncoding = 4; lastKnownFileType = sourcecode.c.h; path = MJExtensionConst.h; sourceTree = "<group>"; };
		BC374CA01F8B79E30054BD6A /* MJExtensionConst.m */ = {isa = PBXFileReference; fileEncoding = 4; lastKnownFileType = sourcecode.c.objc; path = MJExtensionConst.m; sourceTree = "<group>"; };
		BC374CA11F8B79E30054BD6A /* MJFoundation.h */ = {isa = PBXFileReference; fileEncoding = 4; lastKnownFileType = sourcecode.c.h; path = MJFoundation.h; sourceTree = "<group>"; };
		BC374CA21F8B79E30054BD6A /* MJFoundation.m */ = {isa = PBXFileReference; fileEncoding = 4; lastKnownFileType = sourcecode.c.objc; path = MJFoundation.m; sourceTree = "<group>"; };
		BC374CA31F8B79E30054BD6A /* MJProperty.h */ = {isa = PBXFileReference; fileEncoding = 4; lastKnownFileType = sourcecode.c.h; path = MJProperty.h; sourceTree = "<group>"; };
		BC374CA41F8B79E30054BD6A /* MJProperty.m */ = {isa = PBXFileReference; fileEncoding = 4; lastKnownFileType = sourcecode.c.objc; path = MJProperty.m; sourceTree = "<group>"; };
		BC374CA51F8B79E30054BD6A /* MJPropertyKey.h */ = {isa = PBXFileReference; fileEncoding = 4; lastKnownFileType = sourcecode.c.h; path = MJPropertyKey.h; sourceTree = "<group>"; };
		BC374CA61F8B79E30054BD6A /* MJPropertyKey.m */ = {isa = PBXFileReference; fileEncoding = 4; lastKnownFileType = sourcecode.c.objc; path = MJPropertyKey.m; sourceTree = "<group>"; };
		BC374CA71F8B79E30054BD6A /* MJPropertyType.h */ = {isa = PBXFileReference; fileEncoding = 4; lastKnownFileType = sourcecode.c.h; path = MJPropertyType.h; sourceTree = "<group>"; };
		BC374CA81F8B79E30054BD6A /* MJPropertyType.m */ = {isa = PBXFileReference; fileEncoding = 4; lastKnownFileType = sourcecode.c.objc; path = MJPropertyType.m; sourceTree = "<group>"; };
		BC374CA91F8B79E30054BD6A /* NSObject+MJClass.h */ = {isa = PBXFileReference; fileEncoding = 4; lastKnownFileType = sourcecode.c.h; path = "NSObject+MJClass.h"; sourceTree = "<group>"; };
		BC374CAA1F8B79E30054BD6A /* NSObject+MJClass.m */ = {isa = PBXFileReference; fileEncoding = 4; lastKnownFileType = sourcecode.c.objc; path = "NSObject+MJClass.m"; sourceTree = "<group>"; };
		BC374CAB1F8B79E30054BD6A /* NSObject+MJCoding.h */ = {isa = PBXFileReference; fileEncoding = 4; lastKnownFileType = sourcecode.c.h; path = "NSObject+MJCoding.h"; sourceTree = "<group>"; };
		BC374CAC1F8B79E30054BD6A /* NSObject+MJCoding.m */ = {isa = PBXFileReference; fileEncoding = 4; lastKnownFileType = sourcecode.c.objc; path = "NSObject+MJCoding.m"; sourceTree = "<group>"; };
		BC374CAD1F8B79E30054BD6A /* NSObject+MJKeyValue.h */ = {isa = PBXFileReference; fileEncoding = 4; lastKnownFileType = sourcecode.c.h; path = "NSObject+MJKeyValue.h"; sourceTree = "<group>"; };
		BC374CAE1F8B79E30054BD6A /* NSObject+MJKeyValue.m */ = {isa = PBXFileReference; fileEncoding = 4; lastKnownFileType = sourcecode.c.objc; path = "NSObject+MJKeyValue.m"; sourceTree = "<group>"; };
		BC374CAF1F8B79E30054BD6A /* NSObject+MJProperty.h */ = {isa = PBXFileReference; fileEncoding = 4; lastKnownFileType = sourcecode.c.h; path = "NSObject+MJProperty.h"; sourceTree = "<group>"; };
		BC374CB01F8B79E30054BD6A /* NSObject+MJProperty.m */ = {isa = PBXFileReference; fileEncoding = 4; lastKnownFileType = sourcecode.c.objc; path = "NSObject+MJProperty.m"; sourceTree = "<group>"; };
		BC374CB11F8B79E30054BD6A /* NSString+MJExtension.h */ = {isa = PBXFileReference; fileEncoding = 4; lastKnownFileType = sourcecode.c.h; path = "NSString+MJExtension.h"; sourceTree = "<group>"; };
		BC374CB21F8B79E30054BD6A /* NSString+MJExtension.m */ = {isa = PBXFileReference; fileEncoding = 4; lastKnownFileType = sourcecode.c.objc; path = "NSString+MJExtension.m"; sourceTree = "<group>"; };
		BC374CBD1F8C60430054BD6A /* MYAnchorCell.h */ = {isa = PBXFileReference; lastKnownFileType = sourcecode.c.h; path = MYAnchorCell.h; sourceTree = "<group>"; };
		BC374CBE1F8C60430054BD6A /* MYAnchorCell.m */ = {isa = PBXFileReference; lastKnownFileType = sourcecode.c.objc; path = MYAnchorCell.m; sourceTree = "<group>"; };
		BC374CBF1F8C60430054BD6A /* MYAnchorCell.xib */ = {isa = PBXFileReference; lastKnownFileType = file.xib; path = MYAnchorCell.xib; sourceTree = "<group>"; };
		BC40B1CE1F7CB0F400B968D4 /* MYLiveBroadcast.app */ = {isa = PBXFileReference; explicitFileType = wrapper.application; includeInIndex = 0; path = MYLiveBroadcast.app; sourceTree = BUILT_PRODUCTS_DIR; };
		BC40B1DA1F7CB0F400B968D4 /* Assets.xcassets */ = {isa = PBXFileReference; lastKnownFileType = folder.assetcatalog; path = Assets.xcassets; sourceTree = "<group>"; };
		BC40B1DF1F7CB0F400B968D4 /* Info.plist */ = {isa = PBXFileReference; lastKnownFileType = text.plist.xml; path = Info.plist; sourceTree = "<group>"; };
		BC40B1E01F7CB0F400B968D4 /* main.m */ = {isa = PBXFileReference; lastKnownFileType = sourcecode.c.objc; path = main.m; sourceTree = "<group>"; };
		BC40B1E61F7CB0F500B968D4 /* MYLiveBroadcastTests.xctest */ = {isa = PBXFileReference; explicitFileType = wrapper.cfbundle; includeInIndex = 0; path = MYLiveBroadcastTests.xctest; sourceTree = BUILT_PRODUCTS_DIR; };
		BC40B1EA1F7CB0F500B968D4 /* MYLiveBroadcastTests.m */ = {isa = PBXFileReference; lastKnownFileType = sourcecode.c.objc; path = MYLiveBroadcastTests.m; sourceTree = "<group>"; };
		BC40B1EC1F7CB0F500B968D4 /* Info.plist */ = {isa = PBXFileReference; lastKnownFileType = text.plist.xml; path = Info.plist; sourceTree = "<group>"; };
		BC40B1F11F7CB0F500B968D4 /* MYLiveBroadcastUITests.xctest */ = {isa = PBXFileReference; explicitFileType = wrapper.cfbundle; includeInIndex = 0; path = MYLiveBroadcastUITests.xctest; sourceTree = BUILT_PRODUCTS_DIR; };
		BC40B1F51F7CB0F500B968D4 /* MYLiveBroadcastUITests.m */ = {isa = PBXFileReference; lastKnownFileType = sourcecode.c.objc; path = MYLiveBroadcastUITests.m; sourceTree = "<group>"; };
		BC40B1F71F7CB0F500B968D4 /* Info.plist */ = {isa = PBXFileReference; lastKnownFileType = text.plist.xml; path = Info.plist; sourceTree = "<group>"; };
		BC40B2051F7CB30300B968D4 /* AppDelegate.h */ = {isa = PBXFileReference; fileEncoding = 4; lastKnownFileType = sourcecode.c.h; path = AppDelegate.h; sourceTree = "<group>"; };
		BC40B2061F7CB30300B968D4 /* AppDelegate.m */ = {isa = PBXFileReference; fileEncoding = 4; lastKnownFileType = sourcecode.c.objc; path = AppDelegate.m; sourceTree = "<group>"; };
		BC40B2081F7CB30300B968D4 /* UIBarButtonItem+Extension.h */ = {isa = PBXFileReference; fileEncoding = 4; lastKnownFileType = sourcecode.c.h; path = "UIBarButtonItem+Extension.h"; sourceTree = "<group>"; };
		BC40B2091F7CB30300B968D4 /* UIBarButtonItem+Extension.m */ = {isa = PBXFileReference; fileEncoding = 4; lastKnownFileType = sourcecode.c.objc; path = "UIBarButtonItem+Extension.m"; sourceTree = "<group>"; };
		BC40B20B1F7CB30300B968D4 /* MYNavigationController.h */ = {isa = PBXFileReference; fileEncoding = 4; lastKnownFileType = sourcecode.c.h; path = MYNavigationController.h; sourceTree = "<group>"; };
		BC40B20C1F7CB30300B968D4 /* MYNavigationController.m */ = {isa = PBXFileReference; fileEncoding = 4; lastKnownFileType = sourcecode.c.objc; path = MYNavigationController.m; sourceTree = "<group>"; };
		BC40B20D1F7CB30300B968D4 /* MYTabBarController.h */ = {isa = PBXFileReference; fileEncoding = 4; lastKnownFileType = sourcecode.c.h; path = MYTabBarController.h; sourceTree = "<group>"; };
		BC40B20E1F7CB30300B968D4 /* MYTabBarController.m */ = {isa = PBXFileReference; fileEncoding = 4; lastKnownFileType = sourcecode.c.objc; path = MYTabBarController.m; sourceTree = "<group>"; };
		BC40B2101F7CB30300B968D4 /* MYPlacehoderTextView.h */ = {isa = PBXFileReference; fileEncoding = 4; lastKnownFileType = sourcecode.c.h; path = MYPlacehoderTextView.h; sourceTree = "<group>"; };
		BC40B2111F7CB30300B968D4 /* MYPlacehoderTextView.m */ = {isa = PBXFileReference; fileEncoding = 4; lastKnownFileType = sourcecode.c.objc; path = MYPlacehoderTextView.m; sourceTree = "<group>"; };
		BC40B2181F7CB30300B968D4 /* NSArray+YYAdd.h */ = {isa = PBXFileReference; fileEncoding = 4; lastKnownFileType = sourcecode.c.h; path = "NSArray+YYAdd.h"; sourceTree = "<group>"; };
		BC40B2191F7CB30300B968D4 /* NSArray+YYAdd.m */ = {isa = PBXFileReference; fileEncoding = 4; lastKnownFileType = sourcecode.c.objc; path = "NSArray+YYAdd.m"; sourceTree = "<group>"; };
		BC40B21A1F7CB30300B968D4 /* NSBundle+YYAdd.h */ = {isa = PBXFileReference; fileEncoding = 4; lastKnownFileType = sourcecode.c.h; path = "NSBundle+YYAdd.h"; sourceTree = "<group>"; };
		BC40B21B1F7CB30300B968D4 /* NSBundle+YYAdd.m */ = {isa = PBXFileReference; fileEncoding = 4; lastKnownFileType = sourcecode.c.objc; path = "NSBundle+YYAdd.m"; sourceTree = "<group>"; };
		BC40B21C1F7CB30300B968D4 /* NSData+YYAdd.h */ = {isa = PBXFileReference; fileEncoding = 4; lastKnownFileType = sourcecode.c.h; path = "NSData+YYAdd.h"; sourceTree = "<group>"; };
		BC40B21D1F7CB30300B968D4 /* NSData+YYAdd.m */ = {isa = PBXFileReference; fileEncoding = 4; lastKnownFileType = sourcecode.c.objc; path = "NSData+YYAdd.m"; sourceTree = "<group>"; };
		BC40B21E1F7CB30300B968D4 /* NSDate+YYAdd.h */ = {isa = PBXFileReference; fileEncoding = 4; lastKnownFileType = sourcecode.c.h; path = "NSDate+YYAdd.h"; sourceTree = "<group>"; };
		BC40B21F1F7CB30300B968D4 /* NSDate+YYAdd.m */ = {isa = PBXFileReference; fileEncoding = 4; lastKnownFileType = sourcecode.c.objc; path = "NSDate+YYAdd.m"; sourceTree = "<group>"; };
		BC40B2201F7CB30300B968D4 /* NSDictionary+YYAdd.h */ = {isa = PBXFileReference; fileEncoding = 4; lastKnownFileType = sourcecode.c.h; path = "NSDictionary+YYAdd.h"; sourceTree = "<group>"; };
		BC40B2211F7CB30300B968D4 /* NSDictionary+YYAdd.m */ = {isa = PBXFileReference; fileEncoding = 4; lastKnownFileType = sourcecode.c.objc; path = "NSDictionary+YYAdd.m"; sourceTree = "<group>"; };
		BC40B2221F7CB30300B968D4 /* NSKeyedUnarchiver+YYAdd.h */ = {isa = PBXFileReference; fileEncoding = 4; lastKnownFileType = sourcecode.c.h; path = "NSKeyedUnarchiver+YYAdd.h"; sourceTree = "<group>"; };
		BC40B2231F7CB30300B968D4 /* NSKeyedUnarchiver+YYAdd.m */ = {isa = PBXFileReference; fileEncoding = 4; lastKnownFileType = sourcecode.c.objc; path = "NSKeyedUnarchiver+YYAdd.m"; sourceTree = "<group>"; };
		BC40B2241F7CB30300B968D4 /* NSNotificationCenter+YYAdd.h */ = {isa = PBXFileReference; fileEncoding = 4; lastKnownFileType = sourcecode.c.h; path = "NSNotificationCenter+YYAdd.h"; sourceTree = "<group>"; };
		BC40B2251F7CB30300B968D4 /* NSNotificationCenter+YYAdd.m */ = {isa = PBXFileReference; fileEncoding = 4; lastKnownFileType = sourcecode.c.objc; path = "NSNotificationCenter+YYAdd.m"; sourceTree = "<group>"; };
		BC40B2261F7CB30300B968D4 /* NSNumber+YYAdd.h */ = {isa = PBXFileReference; fileEncoding = 4; lastKnownFileType = sourcecode.c.h; path = "NSNumber+YYAdd.h"; sourceTree = "<group>"; };
		BC40B2271F7CB30300B968D4 /* NSNumber+YYAdd.m */ = {isa = PBXFileReference; fileEncoding = 4; lastKnownFileType = sourcecode.c.objc; path = "NSNumber+YYAdd.m"; sourceTree = "<group>"; };
		BC40B2281F7CB30300B968D4 /* NSObject+YYAdd.h */ = {isa = PBXFileReference; fileEncoding = 4; lastKnownFileType = sourcecode.c.h; path = "NSObject+YYAdd.h"; sourceTree = "<group>"; };
		BC40B2291F7CB30300B968D4 /* NSObject+YYAdd.m */ = {isa = PBXFileReference; fileEncoding = 4; lastKnownFileType = sourcecode.c.objc; path = "NSObject+YYAdd.m"; sourceTree = "<group>"; };
		BC40B22A1F7CB30300B968D4 /* NSObject+YYAddForARC.h */ = {isa = PBXFileReference; fileEncoding = 4; lastKnownFileType = sourcecode.c.h; path = "NSObject+YYAddForARC.h"; sourceTree = "<group>"; };
		BC40B22B1F7CB30300B968D4 /* NSObject+YYAddForARC.m */ = {isa = PBXFileReference; fileEncoding = 4; lastKnownFileType = sourcecode.c.objc; path = "NSObject+YYAddForARC.m"; sourceTree = "<group>"; };
		BC40B22C1F7CB30300B968D4 /* NSObject+YYAddForKVO.h */ = {isa = PBXFileReference; fileEncoding = 4; lastKnownFileType = sourcecode.c.h; path = "NSObject+YYAddForKVO.h"; sourceTree = "<group>"; };
		BC40B22D1F7CB30300B968D4 /* NSObject+YYAddForKVO.m */ = {isa = PBXFileReference; fileEncoding = 4; lastKnownFileType = sourcecode.c.objc; path = "NSObject+YYAddForKVO.m"; sourceTree = "<group>"; };
		BC40B22E1F7CB30300B968D4 /* NSString+YYAdd.h */ = {isa = PBXFileReference; fileEncoding = 4; lastKnownFileType = sourcecode.c.h; path = "NSString+YYAdd.h"; sourceTree = "<group>"; };
		BC40B22F1F7CB30300B968D4 /* NSString+YYAdd.m */ = {isa = PBXFileReference; fileEncoding = 4; lastKnownFileType = sourcecode.c.objc; path = "NSString+YYAdd.m"; sourceTree = "<group>"; };
		BC40B2301F7CB30300B968D4 /* NSThread+YYAdd.h */ = {isa = PBXFileReference; fileEncoding = 4; lastKnownFileType = sourcecode.c.h; path = "NSThread+YYAdd.h"; sourceTree = "<group>"; };
		BC40B2311F7CB30300B968D4 /* NSThread+YYAdd.m */ = {isa = PBXFileReference; fileEncoding = 4; lastKnownFileType = sourcecode.c.objc; path = "NSThread+YYAdd.m"; sourceTree = "<group>"; };
		BC40B2321F7CB30300B968D4 /* NSTimer+YYAdd.h */ = {isa = PBXFileReference; fileEncoding = 4; lastKnownFileType = sourcecode.c.h; path = "NSTimer+YYAdd.h"; sourceTree = "<group>"; };
		BC40B2331F7CB30300B968D4 /* NSTimer+YYAdd.m */ = {isa = PBXFileReference; fileEncoding = 4; lastKnownFileType = sourcecode.c.objc; path = "NSTimer+YYAdd.m"; sourceTree = "<group>"; };
		BC40B2351F7CB30300B968D4 /* CALayer+YYAdd.h */ = {isa = PBXFileReference; fileEncoding = 4; lastKnownFileType = sourcecode.c.h; path = "CALayer+YYAdd.h"; sourceTree = "<group>"; };
		BC40B2361F7CB30300B968D4 /* CALayer+YYAdd.m */ = {isa = PBXFileReference; fileEncoding = 4; lastKnownFileType = sourcecode.c.objc; path = "CALayer+YYAdd.m"; sourceTree = "<group>"; };
		BC40B2371F7CB30300B968D4 /* YYCGUtilities.h */ = {isa = PBXFileReference; fileEncoding = 4; lastKnownFileType = sourcecode.c.h; path = YYCGUtilities.h; sourceTree = "<group>"; };
		BC40B2381F7CB30300B968D4 /* YYCGUtilities.m */ = {isa = PBXFileReference; fileEncoding = 4; lastKnownFileType = sourcecode.c.objc; path = YYCGUtilities.m; sourceTree = "<group>"; };
		BC40B23A1F7CB30300B968D4 /* UIApplication+YYAdd.h */ = {isa = PBXFileReference; fileEncoding = 4; lastKnownFileType = sourcecode.c.h; path = "UIApplication+YYAdd.h"; sourceTree = "<group>"; };
		BC40B23B1F7CB30300B968D4 /* UIApplication+YYAdd.m */ = {isa = PBXFileReference; fileEncoding = 4; lastKnownFileType = sourcecode.c.objc; path = "UIApplication+YYAdd.m"; sourceTree = "<group>"; };
		BC40B23C1F7CB30300B968D4 /* UIBarButtonItem+YYAdd.h */ = {isa = PBXFileReference; fileEncoding = 4; lastKnownFileType = sourcecode.c.h; path = "UIBarButtonItem+YYAdd.h"; sourceTree = "<group>"; };
		BC40B23D1F7CB30300B968D4 /* UIBarButtonItem+YYAdd.m */ = {isa = PBXFileReference; fileEncoding = 4; lastKnownFileType = sourcecode.c.objc; path = "UIBarButtonItem+YYAdd.m"; sourceTree = "<group>"; };
		BC40B23E1F7CB30300B968D4 /* UIBezierPath+YYAdd.h */ = {isa = PBXFileReference; fileEncoding = 4; lastKnownFileType = sourcecode.c.h; path = "UIBezierPath+YYAdd.h"; sourceTree = "<group>"; };
		BC40B23F1F7CB30300B968D4 /* UIBezierPath+YYAdd.m */ = {isa = PBXFileReference; fileEncoding = 4; lastKnownFileType = sourcecode.c.objc; path = "UIBezierPath+YYAdd.m"; sourceTree = "<group>"; };
		BC40B2401F7CB30300B968D4 /* UIColor+YYAdd.h */ = {isa = PBXFileReference; fileEncoding = 4; lastKnownFileType = sourcecode.c.h; path = "UIColor+YYAdd.h"; sourceTree = "<group>"; };
		BC40B2411F7CB30300B968D4 /* UIColor+YYAdd.m */ = {isa = PBXFileReference; fileEncoding = 4; lastKnownFileType = sourcecode.c.objc; path = "UIColor+YYAdd.m"; sourceTree = "<group>"; };
		BC40B2421F7CB30300B968D4 /* UIControl+YYAdd.h */ = {isa = PBXFileReference; fileEncoding = 4; lastKnownFileType = sourcecode.c.h; path = "UIControl+YYAdd.h"; sourceTree = "<group>"; };
		BC40B2431F7CB30300B968D4 /* UIControl+YYAdd.m */ = {isa = PBXFileReference; fileEncoding = 4; lastKnownFileType = sourcecode.c.objc; path = "UIControl+YYAdd.m"; sourceTree = "<group>"; };
		BC40B2441F7CB30300B968D4 /* UIDevice+YYAdd.h */ = {isa = PBXFileReference; fileEncoding = 4; lastKnownFileType = sourcecode.c.h; path = "UIDevice+YYAdd.h"; sourceTree = "<group>"; };
		BC40B2451F7CB30300B968D4 /* UIDevice+YYAdd.m */ = {isa = PBXFileReference; fileEncoding = 4; lastKnownFileType = sourcecode.c.objc; path = "UIDevice+YYAdd.m"; sourceTree = "<group>"; };
		BC40B2461F7CB30300B968D4 /* UIFont+YYAdd.h */ = {isa = PBXFileReference; fileEncoding = 4; lastKnownFileType = sourcecode.c.h; path = "UIFont+YYAdd.h"; sourceTree = "<group>"; };
		BC40B2471F7CB30300B968D4 /* UIFont+YYAdd.m */ = {isa = PBXFileReference; fileEncoding = 4; lastKnownFileType = sourcecode.c.objc; path = "UIFont+YYAdd.m"; sourceTree = "<group>"; };
		BC40B2481F7CB30300B968D4 /* UIGestureRecognizer+YYAdd.h */ = {isa = PBXFileReference; fileEncoding = 4; lastKnownFileType = sourcecode.c.h; path = "UIGestureRecognizer+YYAdd.h"; sourceTree = "<group>"; };
		BC40B2491F7CB30300B968D4 /* UIGestureRecognizer+YYAdd.m */ = {isa = PBXFileReference; fileEncoding = 4; lastKnownFileType = sourcecode.c.objc; path = "UIGestureRecognizer+YYAdd.m"; sourceTree = "<group>"; };
		BC40B24A1F7CB30300B968D4 /* UIImage+YYAdd.h */ = {isa = PBXFileReference; fileEncoding = 4; lastKnownFileType = sourcecode.c.h; path = "UIImage+YYAdd.h"; sourceTree = "<group>"; };
		BC40B24B1F7CB30300B968D4 /* UIImage+YYAdd.m */ = {isa = PBXFileReference; fileEncoding = 4; lastKnownFileType = sourcecode.c.objc; path = "UIImage+YYAdd.m"; sourceTree = "<group>"; };
		BC40B24C1F7CB30300B968D4 /* UIScreen+YYAdd.h */ = {isa = PBXFileReference; fileEncoding = 4; lastKnownFileType = sourcecode.c.h; path = "UIScreen+YYAdd.h"; sourceTree = "<group>"; };
		BC40B24D1F7CB30300B968D4 /* UIScreen+YYAdd.m */ = {isa = PBXFileReference; fileEncoding = 4; lastKnownFileType = sourcecode.c.objc; path = "UIScreen+YYAdd.m"; sourceTree = "<group>"; };
		BC40B24E1F7CB30300B968D4 /* UIScrollView+YYAdd.h */ = {isa = PBXFileReference; fileEncoding = 4; lastKnownFileType = sourcecode.c.h; path = "UIScrollView+YYAdd.h"; sourceTree = "<group>"; };
		BC40B24F1F7CB30300B968D4 /* UIScrollView+YYAdd.m */ = {isa = PBXFileReference; fileEncoding = 4; lastKnownFileType = sourcecode.c.objc; path = "UIScrollView+YYAdd.m"; sourceTree = "<group>"; };
		BC40B2501F7CB30300B968D4 /* UITableView+YYAdd.h */ = {isa = PBXFileReference; fileEncoding = 4; lastKnownFileType = sourcecode.c.h; path = "UITableView+YYAdd.h"; sourceTree = "<group>"; };
		BC40B2511F7CB30300B968D4 /* UITableView+YYAdd.m */ = {isa = PBXFileReference; fileEncoding = 4; lastKnownFileType = sourcecode.c.objc; path = "UITableView+YYAdd.m"; sourceTree = "<group>"; };
		BC40B2521F7CB30300B968D4 /* UITextField+YYAdd.h */ = {isa = PBXFileReference; fileEncoding = 4; lastKnownFileType = sourcecode.c.h; path = "UITextField+YYAdd.h"; sourceTree = "<group>"; };
		BC40B2531F7CB30300B968D4 /* UITextField+YYAdd.m */ = {isa = PBXFileReference; fileEncoding = 4; lastKnownFileType = sourcecode.c.objc; path = "UITextField+YYAdd.m"; sourceTree = "<group>"; };
		BC40B2541F7CB30300B968D4 /* UIView+YYAdd.h */ = {isa = PBXFileReference; fileEncoding = 4; lastKnownFileType = sourcecode.c.h; path = "UIView+YYAdd.h"; sourceTree = "<group>"; };
		BC40B2551F7CB30300B968D4 /* UIView+YYAdd.m */ = {isa = PBXFileReference; fileEncoding = 4; lastKnownFileType = sourcecode.c.objc; path = "UIView+YYAdd.m"; sourceTree = "<group>"; };
		BC40B2561F7CB30300B968D4 /* YYCategories.h */ = {isa = PBXFileReference; fileEncoding = 4; lastKnownFileType = sourcecode.c.h; path = YYCategories.h; sourceTree = "<group>"; };
		BC40B2571F7CB30300B968D4 /* YYCategoriesMacro.h */ = {isa = PBXFileReference; fileEncoding = 4; lastKnownFileType = sourcecode.c.h; path = YYCategoriesMacro.h; sourceTree = "<group>"; };
		BC40B27D1F7CB32C00B968D4 /* PrefixHeader.pch */ = {isa = PBXFileReference; fileEncoding = 4; lastKnownFileType = sourcecode.c.h; path = PrefixHeader.pch; sourceTree = "<group>"; };
		BC40B2861F7CB49B00B968D4 /* MYHomeViewController.h */ = {isa = PBXFileReference; lastKnownFileType = sourcecode.c.h; path = MYHomeViewController.h; sourceTree = "<group>"; };
		BC40B2871F7CB49B00B968D4 /* MYHomeViewController.m */ = {isa = PBXFileReference; lastKnownFileType = sourcecode.c.objc; path = MYHomeViewController.m; sourceTree = "<group>"; };
		BC40B2891F7CB4BC00B968D4 /* MYDiscoverViewController.h */ = {isa = PBXFileReference; lastKnownFileType = sourcecode.c.h; path = MYDiscoverViewController.h; sourceTree = "<group>"; };
		BC40B28A1F7CB4BC00B968D4 /* MYDiscoverViewController.m */ = {isa = PBXFileReference; lastKnownFileType = sourcecode.c.objc; path = MYDiscoverViewController.m; sourceTree = "<group>"; };
		BC40B28C1F7CB4C800B968D4 /* MYProfileViewController.h */ = {isa = PBXFileReference; lastKnownFileType = sourcecode.c.h; path = MYProfileViewController.h; sourceTree = "<group>"; };
		BC40B28D1F7CB4C800B968D4 /* MYProfileViewController.m */ = {isa = PBXFileReference; lastKnownFileType = sourcecode.c.objc; path = MYProfileViewController.m; sourceTree = "<group>"; };
		BC40B28F1F7CB4D200B968D4 /* MYRankViewController.h */ = {isa = PBXFileReference; lastKnownFileType = sourcecode.c.h; path = MYRankViewController.h; sourceTree = "<group>"; };
		BC40B2901F7CB4D200B968D4 /* MYRankViewController.m */ = {isa = PBXFileReference; lastKnownFileType = sourcecode.c.objc; path = MYRankViewController.m; sourceTree = "<group>"; };
		BC63C6BD1F8B5FC500A2DA7B /* MYAnchorViewController.h */ = {isa = PBXFileReference; lastKnownFileType = sourcecode.c.h; path = MYAnchorViewController.h; sourceTree = "<group>"; };
		BC63C6BE1F8B5FC500A2DA7B /* MYAnchorViewController.m */ = {isa = PBXFileReference; lastKnownFileType = sourcecode.c.objc; path = MYAnchorViewController.m; sourceTree = "<group>"; };
		BC7658A01F90CF1600104BEF /* MYScrollPageCollectionView.h */ = {isa = PBXFileReference; fileEncoding = 4; lastKnownFileType = sourcecode.c.h; path = MYScrollPageCollectionView.h; sourceTree = "<group>"; };
		BC7658A11F90CF1600104BEF /* MYScrollPageCollectionView.m */ = {isa = PBXFileReference; fileEncoding = 4; lastKnownFileType = sourcecode.c.objc; path = MYScrollPageCollectionView.m; sourceTree = "<group>"; };
		BC7658A21F90CF1600104BEF /* MYScrollPageStyle.h */ = {isa = PBXFileReference; fileEncoding = 4; lastKnownFileType = sourcecode.c.h; path = MYScrollPageStyle.h; sourceTree = "<group>"; };
		BC7658A31F90CF1600104BEF /* MYScrollPageStyle.m */ = {isa = PBXFileReference; fileEncoding = 4; lastKnownFileType = sourcecode.c.objc; path = MYScrollPageStyle.m; sourceTree = "<group>"; };
		BC7658A41F90CF1600104BEF /* MYScrollPageTitleBar.h */ = {isa = PBXFileReference; fileEncoding = 4; lastKnownFileType = sourcecode.c.h; path = MYScrollPageTitleBar.h; sourceTree = "<group>"; };
		BC7658A51F90CF1600104BEF /* MYScrollPageTitleBar.m */ = {isa = PBXFileReference; fileEncoding = 4; lastKnownFileType = sourcecode.c.objc; path = MYScrollPageTitleBar.m; sourceTree = "<group>"; };
		BC7658A61F90CF1600104BEF /* MYScrollPageView.h */ = {isa = PBXFileReference; fileEncoding = 4; lastKnownFileType = sourcecode.c.h; path = MYScrollPageView.h; sourceTree = "<group>"; };
		BC7658A71F90CF1600104BEF /* MYScrollPageView.m */ = {isa = PBXFileReference; fileEncoding = 4; lastKnownFileType = sourcecode.c.objc; path = MYScrollPageView.m; sourceTree = "<group>"; };
		BC7658B21F90D16F00104BEF /* YYFPSLabel.h */ = {isa = PBXFileReference; fileEncoding = 4; lastKnownFileType = sourcecode.c.h; path = YYFPSLabel.h; sourceTree = "<group>"; };
		BC7658B31F90D16F00104BEF /* YYFPSLabel.m */ = {isa = PBXFileReference; fileEncoding = 4; lastKnownFileType = sourcecode.c.objc; path = YYFPSLabel.m; sourceTree = "<group>"; };
		BC7658B41F90D16F00104BEF /* YYWeakProxy.h */ = {isa = PBXFileReference; fileEncoding = 4; lastKnownFileType = sourcecode.c.h; path = YYWeakProxy.h; sourceTree = "<group>"; };
		BC7658B51F90D16F00104BEF /* YYWeakProxy.m */ = {isa = PBXFileReference; fileEncoding = 4; lastKnownFileType = sourcecode.c.objc; path = YYWeakProxy.m; sourceTree = "<group>"; };
		BC9ED9EB1F8C6FB200879220 /* MYRoomViewController.xib */ = {isa = PBXFileReference; lastKnownFileType = file.xib; path = MYRoomViewController.xib; sourceTree = "<group>"; };
		BC9ED9EE1F8CC7CB00879220 /* CALayer+ParticleAnimation.h */ = {isa = PBXFileReference; fileEncoding = 4; lastKnownFileType = sourcecode.c.h; path = "CALayer+ParticleAnimation.h"; sourceTree = "<group>"; };
		BC9ED9EF1F8CC7CB00879220 /* CALayer+ParticleAnimation.m */ = {isa = PBXFileReference; fileEncoding = 4; lastKnownFileType = sourcecode.c.objc; path = "CALayer+ParticleAnimation.m"; sourceTree = "<group>"; };
		BCD146261F8B5EE60083987E /* MYWaterFallLayout.h */ = {isa = PBXFileReference; fileEncoding = 4; lastKnownFileType = sourcecode.c.h; path = MYWaterFallLayout.h; sourceTree = "<group>"; };
		BCD146271F8B5EE60083987E /* MYWaterFallLayout.m */ = {isa = PBXFileReference; fileEncoding = 4; lastKnownFileType = sourcecode.c.objc; path = MYWaterFallLayout.m; sourceTree = "<group>"; };
/* End PBXFileReference section */

/* Begin PBXFrameworksBuildPhase section */
		BC40B1CB1F7CB0F400B968D4 /* Frameworks */ = {
			isa = PBXFrameworksBuildPhase;
			buildActionMask = 2147483647;
			files = (
			);
			runOnlyForDeploymentPostprocessing = 0;
		};
		BC40B1E31F7CB0F500B968D4 /* Frameworks */ = {
			isa = PBXFrameworksBuildPhase;
			buildActionMask = 2147483647;
			files = (
			);
			runOnlyForDeploymentPostprocessing = 0;
		};
		BC40B1EE1F7CB0F500B968D4 /* Frameworks */ = {
			isa = PBXFrameworksBuildPhase;
			buildActionMask = 2147483647;
			files = (
			);
			runOnlyForDeploymentPostprocessing = 0;
		};
/* End PBXFrameworksBuildPhase section */

/* Begin PBXGroup section */
		BC374C351F8B6B5A0054BD6A /* Live(直播) */ = {
			isa = PBXGroup;
			children = (
				BC374C361F8B6B7C0054BD6A /* Controller */,
			);
			path = "Live(直播)";
			sourceTree = "<group>";
		};
		BC374C361F8B6B7C0054BD6A /* Controller */ = {
			isa = PBXGroup;
			children = (
				BC374C371F8B6B920054BD6A /* MYRoomViewController.h */,
				BC374C381F8B6B920054BD6A /* MYRoomViewController.m */,
				BC9ED9EB1F8C6FB200879220 /* MYRoomViewController.xib */,
			);
			path = Controller;
			sourceTree = "<group>";
		};
		BC374C3A1F8B6C490054BD6A /* View */ = {
			isa = PBXGroup;
			children = (
				BC374CBD1F8C60430054BD6A /* MYAnchorCell.h */,
				BC374CBE1F8C60430054BD6A /* MYAnchorCell.m */,
				BC374CBF1F8C60430054BD6A /* MYAnchorCell.xib */,
			);
			path = View;
			sourceTree = "<group>";
		};
		BC374C3B1F8B6C490054BD6A /* Model */ = {
			isa = PBXGroup;
			children = (
				BC374C3C1F8B6C620054BD6A /* MYAnchorModel.h */,
				BC374C3D1F8B6C620054BD6A /* MYAnchorModel.m */,
			);
			path = Model;
			sourceTree = "<group>";
		};
		BC374C3F1F8B73EE0054BD6A /* AFNetworking */ = {
			isa = PBXGroup;
			children = (
				BC374C401F8B73EE0054BD6A /* AFHTTPSessionManager.h */,
				BC374C411F8B73EE0054BD6A /* AFHTTPSessionManager.m */,
				BC374C421F8B73EE0054BD6A /* AFNetworking.h */,
				BC374C431F8B73EE0054BD6A /* AFNetworkReachabilityManager.h */,
				BC374C441F8B73EE0054BD6A /* AFNetworkReachabilityManager.m */,
				BC374C451F8B73EE0054BD6A /* AFSecurityPolicy.h */,
				BC374C461F8B73EE0054BD6A /* AFSecurityPolicy.m */,
				BC374C471F8B73EE0054BD6A /* AFURLRequestSerialization.h */,
				BC374C481F8B73EE0054BD6A /* AFURLRequestSerialization.m */,
				BC374C491F8B73EE0054BD6A /* AFURLResponseSerialization.h */,
				BC374C4A1F8B73EE0054BD6A /* AFURLResponseSerialization.m */,
				BC374C4B1F8B73EE0054BD6A /* AFURLSessionManager.h */,
				BC374C4C1F8B73EE0054BD6A /* AFURLSessionManager.m */,
			);
			path = AFNetworking;
			sourceTree = "<group>";
		};
		BC374C4D1F8B73EE0054BD6A /* MBProgressHUD */ = {
			isa = PBXGroup;
			children = (
				BC374C4E1F8B73EE0054BD6A /* MBProgressHUD.h */,
				BC374C4F1F8B73EE0054BD6A /* MBProgressHUD.m */,
			);
			path = MBProgressHUD;
			sourceTree = "<group>";
		};
		BC374C501F8B73EE0054BD6A /* SDWebImage */ = {
			isa = PBXGroup;
			children = (
				BC374C511F8B73EE0054BD6A /* MKAnnotationView+WebCache.h */,
				BC374C521F8B73EE0054BD6A /* MKAnnotationView+WebCache.m */,
				BC374C531F8B73EE0054BD6A /* NSData+ImageContentType.h */,
				BC374C541F8B73EE0054BD6A /* NSData+ImageContentType.m */,
				BC374C551F8B73EE0054BD6A /* NSImage+WebCache.h */,
				BC374C561F8B73EE0054BD6A /* NSImage+WebCache.m */,
				BC374C571F8B73EE0054BD6A /* SDImageCache.h */,
				BC374C581F8B73EE0054BD6A /* SDImageCache.m */,
				BC374C591F8B73EE0054BD6A /* SDImageCacheConfig.h */,
				BC374C5A1F8B73EE0054BD6A /* SDImageCacheConfig.m */,
				BC374C5B1F8B73EE0054BD6A /* SDWebImageCompat.h */,
				BC374C5C1F8B73EE0054BD6A /* SDWebImageCompat.m */,
				BC374C5D1F8B73EE0054BD6A /* SDWebImageDecoder.h */,
				BC374C5E1F8B73EE0054BD6A /* SDWebImageDecoder.m */,
				BC374C5F1F8B73EE0054BD6A /* SDWebImageDownloader.h */,
				BC374C601F8B73EE0054BD6A /* SDWebImageDownloader.m */,
				BC374C611F8B73EE0054BD6A /* SDWebImageDownloaderOperation.h */,
				BC374C621F8B73EE0054BD6A /* SDWebImageDownloaderOperation.m */,
				BC374C631F8B73EE0054BD6A /* SDWebImageManager.h */,
				BC374C641F8B73EE0054BD6A /* SDWebImageManager.m */,
				BC374C651F8B73EE0054BD6A /* SDWebImageOperation.h */,
				BC374C661F8B73EE0054BD6A /* SDWebImagePrefetcher.h */,
				BC374C671F8B73EE0054BD6A /* SDWebImagePrefetcher.m */,
				BC374C681F8B73EE0054BD6A /* UIButton+WebCache.h */,
				BC374C691F8B73EE0054BD6A /* UIButton+WebCache.m */,
				BC374C6A1F8B73EE0054BD6A /* UIImage+GIF.h */,
				BC374C6B1F8B73EE0054BD6A /* UIImage+GIF.m */,
				BC374C6C1F8B73EE0054BD6A /* UIImage+MultiFormat.h */,
				BC374C6D1F8B73EE0054BD6A /* UIImage+MultiFormat.m */,
				BC374C6E1F8B73EE0054BD6A /* UIImage+WebP.h */,
				BC374C6F1F8B73EE0054BD6A /* UIImage+WebP.m */,
				BC374C701F8B73EE0054BD6A /* UIImageView+HighlightedWebCache.h */,
				BC374C711F8B73EE0054BD6A /* UIImageView+HighlightedWebCache.m */,
				BC374C721F8B73EE0054BD6A /* UIImageView+WebCache.h */,
				BC374C731F8B73EE0054BD6A /* UIImageView+WebCache.m */,
				BC374C741F8B73EE0054BD6A /* UIView+WebCache.h */,
				BC374C751F8B73EE0054BD6A /* UIView+WebCache.m */,
				BC374C761F8B73EE0054BD6A /* UIView+WebCacheOperation.h */,
				BC374C771F8B73EE0054BD6A /* UIView+WebCacheOperation.m */,
			);
			path = SDWebImage;
			sourceTree = "<group>";
		};
		BC374C921F8B757F0054BD6A /* DataService(网络) */ = {
			isa = PBXGroup;
			children = (
				BC374C9A1F8B78460054BD6A /* MYHomeDataService.h */,
				BC374C9B1F8B78460054BD6A /* MYHomeDataService.m */,
			);
			path = "DataService(网络)";
			sourceTree = "<group>";
		};
		BC374C961F8B76D00054BD6A /* Tools(工具类) */ = {
			isa = PBXGroup;
			children = (
				BC374C971F8B76D00054BD6A /* MYHTTPTool.h */,
				BC374C981F8B76D00054BD6A /* MYHTTPTool.m */,
			);
			path = "Tools(工具类)";
			sourceTree = "<group>";
		};
		BC374C9D1F8B79E30054BD6A /* MJExtension */ = {
			isa = PBXGroup;
			children = (
				BC374C9E1F8B79E30054BD6A /* MJExtension.h */,
				BC374C9F1F8B79E30054BD6A /* MJExtensionConst.h */,
				BC374CA01F8B79E30054BD6A /* MJExtensionConst.m */,
				BC374CA11F8B79E30054BD6A /* MJFoundation.h */,
				BC374CA21F8B79E30054BD6A /* MJFoundation.m */,
				BC374CA31F8B79E30054BD6A /* MJProperty.h */,
				BC374CA41F8B79E30054BD6A /* MJProperty.m */,
				BC374CA51F8B79E30054BD6A /* MJPropertyKey.h */,
				BC374CA61F8B79E30054BD6A /* MJPropertyKey.m */,
				BC374CA71F8B79E30054BD6A /* MJPropertyType.h */,
				BC374CA81F8B79E30054BD6A /* MJPropertyType.m */,
				BC374CA91F8B79E30054BD6A /* NSObject+MJClass.h */,
				BC374CAA1F8B79E30054BD6A /* NSObject+MJClass.m */,
				BC374CAB1F8B79E30054BD6A /* NSObject+MJCoding.h */,
				BC374CAC1F8B79E30054BD6A /* NSObject+MJCoding.m */,
				BC374CAD1F8B79E30054BD6A /* NSObject+MJKeyValue.h */,
				BC374CAE1F8B79E30054BD6A /* NSObject+MJKeyValue.m */,
				BC374CAF1F8B79E30054BD6A /* NSObject+MJProperty.h */,
				BC374CB01F8B79E30054BD6A /* NSObject+MJProperty.m */,
				BC374CB11F8B79E30054BD6A /* NSString+MJExtension.h */,
				BC374CB21F8B79E30054BD6A /* NSString+MJExtension.m */,
			);
			path = MJExtension;
			sourceTree = "<group>";
		};
		BC40B1C51F7CB0F400B968D4 = {
			isa = PBXGroup;
			children = (
				BC40B1D01F7CB0F400B968D4 /* MYLiveBroadcast */,
				BC40B1E91F7CB0F500B968D4 /* MYLiveBroadcastTests */,
				BC40B1F41F7CB0F500B968D4 /* MYLiveBroadcastUITests */,
				BC40B1CF1F7CB0F400B968D4 /* Products */,
			);
			sourceTree = "<group>";
		};
		BC40B1CF1F7CB0F400B968D4 /* Products */ = {
			isa = PBXGroup;
			children = (
				BC40B1CE1F7CB0F400B968D4 /* MYLiveBroadcast.app */,
				BC40B1E61F7CB0F500B968D4 /* MYLiveBroadcastTests.xctest */,
				BC40B1F11F7CB0F500B968D4 /* MYLiveBroadcastUITests.xctest */,
			);
			name = Products;
			sourceTree = "<group>";
		};
		BC40B1D01F7CB0F400B968D4 /* MYLiveBroadcast */ = {
			isa = PBXGroup;
			children = (
				BC40B2031F7CB30300B968D4 /* Class */,
				BC40B1DA1F7CB0F400B968D4 /* Assets.xcassets */,
				BC40B1DF1F7CB0F400B968D4 /* Info.plist */,
				BC40B1E01F7CB0F400B968D4 /* main.m */,
				BC40B27D1F7CB32C00B968D4 /* PrefixHeader.pch */,
			);
			path = MYLiveBroadcast;
			sourceTree = "<group>";
		};
		BC40B1E91F7CB0F500B968D4 /* MYLiveBroadcastTests */ = {
			isa = PBXGroup;
			children = (
				BC40B1EA1F7CB0F500B968D4 /* MYLiveBroadcastTests.m */,
				BC40B1EC1F7CB0F500B968D4 /* Info.plist */,
			);
			path = MYLiveBroadcastTests;
			sourceTree = "<group>";
		};
		BC40B1F41F7CB0F500B968D4 /* MYLiveBroadcastUITests */ = {
			isa = PBXGroup;
			children = (
				BC40B1F51F7CB0F500B968D4 /* MYLiveBroadcastUITests.m */,
				BC40B1F71F7CB0F500B968D4 /* Info.plist */,
			);
			path = MYLiveBroadcastUITests;
			sourceTree = "<group>";
		};
		BC40B2031F7CB30300B968D4 /* Class */ = {
			isa = PBXGroup;
			children = (
				BC374C351F8B6B5A0054BD6A /* Live(直播) */,
				BC40B2801F7CB3E200B968D4 /* Discover(发现) */,
				BC40B2811F7CB3E300B968D4 /* Home(首页) */,
				BC40B27F1F7CB3E200B968D4 /* Profile(我的) */,
				BC40B27E1F7CB3E200B968D4 /* Rank(排行) */,
				BC40B2041F7CB30300B968D4 /* Main */,
			);
			path = Class;
			sourceTree = "<group>";
		};
		BC40B2041F7CB30300B968D4 /* Main */ = {
			isa = PBXGroup;
			children = (
				BC40B2051F7CB30300B968D4 /* AppDelegate.h */,
				BC40B2061F7CB30300B968D4 /* AppDelegate.m */,
				BC374C961F8B76D00054BD6A /* Tools(工具类) */,
				BC374C921F8B757F0054BD6A /* DataService(网络) */,
				BC40B2071F7CB30300B968D4 /* Category(分类) */,
				BC40B20A1F7CB30300B968D4 /* CustomController(自定义控制器) */,
				BC40B20F1F7CB30300B968D4 /* CustomView(自定义控件) */,
				BC40B2151F7CB30300B968D4 /* ThirdLib(三方静态库) */,
			);
			path = Main;
			sourceTree = "<group>";
		};
		BC40B2071F7CB30300B968D4 /* Category(分类) */ = {
			isa = PBXGroup;
			children = (
				BC40B2081F7CB30300B968D4 /* UIBarButtonItem+Extension.h */,
				BC40B2091F7CB30300B968D4 /* UIBarButtonItem+Extension.m */,
			);
			path = "Category(分类)";
			sourceTree = "<group>";
		};
		BC40B20A1F7CB30300B968D4 /* CustomController(自定义控制器) */ = {
			isa = PBXGroup;
			children = (
				BC40B20B1F7CB30300B968D4 /* MYNavigationController.h */,
				BC40B20C1F7CB30300B968D4 /* MYNavigationController.m */,
				BC40B20D1F7CB30300B968D4 /* MYTabBarController.h */,
				BC40B20E1F7CB30300B968D4 /* MYTabBarController.m */,
			);
			path = "CustomController(自定义控制器)";
			sourceTree = "<group>";
		};
		BC40B20F1F7CB30300B968D4 /* CustomView(自定义控件) */ = {
			isa = PBXGroup;
			children = (
				BC76589F1F90CF1600104BEF /* MYScrollPageView */,
				BC9ED9ED1F8CC7CB00879220 /* MYParticleAnimation */,
				BCD146251F8B5EE60083987E /* MYWaterFallLayout */,
				BC40B2101F7CB30300B968D4 /* MYPlacehoderTextView.h */,
				BC40B2111F7CB30300B968D4 /* MYPlacehoderTextView.m */,
			);
			path = "CustomView(自定义控件)";
			sourceTree = "<group>";
		};
		BC40B2151F7CB30300B968D4 /* ThirdLib(三方静态库) */ = {
			isa = PBXGroup;
			children = (
				BC7658B11F90D16F00104BEF /* YYFPSLabel */,
				BC374C9D1F8B79E30054BD6A /* MJExtension */,
				BC374C3F1F8B73EE0054BD6A /* AFNetworking */,
				BC374C4D1F8B73EE0054BD6A /* MBProgressHUD */,
				BC374C501F8B73EE0054BD6A /* SDWebImage */,
				BC40B2161F7CB30300B968D4 /* YYCategories */,
			);
			path = "ThirdLib(三方静态库)";
			sourceTree = "<group>";
		};
		BC40B2161F7CB30300B968D4 /* YYCategories */ = {
			isa = PBXGroup;
			children = (
				BC40B2171F7CB30300B968D4 /* Foundation */,
				BC40B2341F7CB30300B968D4 /* Quartz */,
				BC40B2391F7CB30300B968D4 /* UIKit */,
				BC40B2561F7CB30300B968D4 /* YYCategories.h */,
				BC40B2571F7CB30300B968D4 /* YYCategoriesMacro.h */,
			);
			path = YYCategories;
			sourceTree = "<group>";
		};
		BC40B2171F7CB30300B968D4 /* Foundation */ = {
			isa = PBXGroup;
			children = (
				BC40B2181F7CB30300B968D4 /* NSArray+YYAdd.h */,
				BC40B2191F7CB30300B968D4 /* NSArray+YYAdd.m */,
				BC40B21A1F7CB30300B968D4 /* NSBundle+YYAdd.h */,
				BC40B21B1F7CB30300B968D4 /* NSBundle+YYAdd.m */,
				BC40B21C1F7CB30300B968D4 /* NSData+YYAdd.h */,
				BC40B21D1F7CB30300B968D4 /* NSData+YYAdd.m */,
				BC40B21E1F7CB30300B968D4 /* NSDate+YYAdd.h */,
				BC40B21F1F7CB30300B968D4 /* NSDate+YYAdd.m */,
				BC40B2201F7CB30300B968D4 /* NSDictionary+YYAdd.h */,
				BC40B2211F7CB30300B968D4 /* NSDictionary+YYAdd.m */,
				BC40B2221F7CB30300B968D4 /* NSKeyedUnarchiver+YYAdd.h */,
				BC40B2231F7CB30300B968D4 /* NSKeyedUnarchiver+YYAdd.m */,
				BC40B2241F7CB30300B968D4 /* NSNotificationCenter+YYAdd.h */,
				BC40B2251F7CB30300B968D4 /* NSNotificationCenter+YYAdd.m */,
				BC40B2261F7CB30300B968D4 /* NSNumber+YYAdd.h */,
				BC40B2271F7CB30300B968D4 /* NSNumber+YYAdd.m */,
				BC40B2281F7CB30300B968D4 /* NSObject+YYAdd.h */,
				BC40B2291F7CB30300B968D4 /* NSObject+YYAdd.m */,
				BC40B22A1F7CB30300B968D4 /* NSObject+YYAddForARC.h */,
				BC40B22B1F7CB30300B968D4 /* NSObject+YYAddForARC.m */,
				BC40B22C1F7CB30300B968D4 /* NSObject+YYAddForKVO.h */,
				BC40B22D1F7CB30300B968D4 /* NSObject+YYAddForKVO.m */,
				BC40B22E1F7CB30300B968D4 /* NSString+YYAdd.h */,
				BC40B22F1F7CB30300B968D4 /* NSString+YYAdd.m */,
				BC40B2301F7CB30300B968D4 /* NSThread+YYAdd.h */,
				BC40B2311F7CB30300B968D4 /* NSThread+YYAdd.m */,
				BC40B2321F7CB30300B968D4 /* NSTimer+YYAdd.h */,
				BC40B2331F7CB30300B968D4 /* NSTimer+YYAdd.m */,
			);
			path = Foundation;
			sourceTree = "<group>";
		};
		BC40B2341F7CB30300B968D4 /* Quartz */ = {
			isa = PBXGroup;
			children = (
				BC40B2351F7CB30300B968D4 /* CALayer+YYAdd.h */,
				BC40B2361F7CB30300B968D4 /* CALayer+YYAdd.m */,
				BC40B2371F7CB30300B968D4 /* YYCGUtilities.h */,
				BC40B2381F7CB30300B968D4 /* YYCGUtilities.m */,
			);
			path = Quartz;
			sourceTree = "<group>";
		};
		BC40B2391F7CB30300B968D4 /* UIKit */ = {
			isa = PBXGroup;
			children = (
				BC40B23A1F7CB30300B968D4 /* UIApplication+YYAdd.h */,
				BC40B23B1F7CB30300B968D4 /* UIApplication+YYAdd.m */,
				BC40B23C1F7CB30300B968D4 /* UIBarButtonItem+YYAdd.h */,
				BC40B23D1F7CB30300B968D4 /* UIBarButtonItem+YYAdd.m */,
				BC40B23E1F7CB30300B968D4 /* UIBezierPath+YYAdd.h */,
				BC40B23F1F7CB30300B968D4 /* UIBezierPath+YYAdd.m */,
				BC40B2401F7CB30300B968D4 /* UIColor+YYAdd.h */,
				BC40B2411F7CB30300B968D4 /* UIColor+YYAdd.m */,
				BC40B2421F7CB30300B968D4 /* UIControl+YYAdd.h */,
				BC40B2431F7CB30300B968D4 /* UIControl+YYAdd.m */,
				BC40B2441F7CB30300B968D4 /* UIDevice+YYAdd.h */,
				BC40B2451F7CB30300B968D4 /* UIDevice+YYAdd.m */,
				BC40B2461F7CB30300B968D4 /* UIFont+YYAdd.h */,
				BC40B2471F7CB30300B968D4 /* UIFont+YYAdd.m */,
				BC40B2481F7CB30300B968D4 /* UIGestureRecognizer+YYAdd.h */,
				BC40B2491F7CB30300B968D4 /* UIGestureRecognizer+YYAdd.m */,
				BC40B24A1F7CB30300B968D4 /* UIImage+YYAdd.h */,
				BC40B24B1F7CB30300B968D4 /* UIImage+YYAdd.m */,
				BC40B24C1F7CB30300B968D4 /* UIScreen+YYAdd.h */,
				BC40B24D1F7CB30300B968D4 /* UIScreen+YYAdd.m */,
				BC40B24E1F7CB30300B968D4 /* UIScrollView+YYAdd.h */,
				BC40B24F1F7CB30300B968D4 /* UIScrollView+YYAdd.m */,
				BC40B2501F7CB30300B968D4 /* UITableView+YYAdd.h */,
				BC40B2511F7CB30300B968D4 /* UITableView+YYAdd.m */,
				BC40B2521F7CB30300B968D4 /* UITextField+YYAdd.h */,
				BC40B2531F7CB30300B968D4 /* UITextField+YYAdd.m */,
				BC40B2541F7CB30300B968D4 /* UIView+YYAdd.h */,
				BC40B2551F7CB30300B968D4 /* UIView+YYAdd.m */,
			);
			path = UIKit;
			sourceTree = "<group>";
		};
		BC40B27E1F7CB3E200B968D4 /* Rank(排行) */ = {
			isa = PBXGroup;
			children = (
				BC40B2851F7CB46400B968D4 /* Controller */,
			);
			path = "Rank(排行)";
			sourceTree = "<group>";
		};
		BC40B27F1F7CB3E200B968D4 /* Profile(我的) */ = {
			isa = PBXGroup;
			children = (
				BC40B2841F7CB45F00B968D4 /* Controller */,
			);
			path = "Profile(我的)";
			sourceTree = "<group>";
		};
		BC40B2801F7CB3E200B968D4 /* Discover(发现) */ = {
			isa = PBXGroup;
			children = (
				BC40B2821F7CB45400B968D4 /* Controller */,
			);
			path = "Discover(发现)";
			sourceTree = "<group>";
		};
		BC40B2811F7CB3E300B968D4 /* Home(首页) */ = {
			isa = PBXGroup;
			children = (
				BC374C3B1F8B6C490054BD6A /* Model */,
				BC374C3A1F8B6C490054BD6A /* View */,
				BC40B2831F7CB45900B968D4 /* Controller */,
			);
			path = "Home(首页)";
			sourceTree = "<group>";
		};
		BC40B2821F7CB45400B968D4 /* Controller */ = {
			isa = PBXGroup;
			children = (
				BC40B2891F7CB4BC00B968D4 /* MYDiscoverViewController.h */,
				BC40B28A1F7CB4BC00B968D4 /* MYDiscoverViewController.m */,
			);
			path = Controller;
			sourceTree = "<group>";
		};
		BC40B2831F7CB45900B968D4 /* Controller */ = {
			isa = PBXGroup;
			children = (
				BC40B2861F7CB49B00B968D4 /* MYHomeViewController.h */,
				BC40B2871F7CB49B00B968D4 /* MYHomeViewController.m */,
				BC63C6BD1F8B5FC500A2DA7B /* MYAnchorViewController.h */,
				BC63C6BE1F8B5FC500A2DA7B /* MYAnchorViewController.m */,
			);
			path = Controller;
			sourceTree = "<group>";
		};
		BC40B2841F7CB45F00B968D4 /* Controller */ = {
			isa = PBXGroup;
			children = (
				BC40B28C1F7CB4C800B968D4 /* MYProfileViewController.h */,
				BC40B28D1F7CB4C800B968D4 /* MYProfileViewController.m */,
			);
			path = Controller;
			sourceTree = "<group>";
		};
		BC40B2851F7CB46400B968D4 /* Controller */ = {
			isa = PBXGroup;
			children = (
				BC40B28F1F7CB4D200B968D4 /* MYRankViewController.h */,
				BC40B2901F7CB4D200B968D4 /* MYRankViewController.m */,
			);
			path = Controller;
			sourceTree = "<group>";
		};
		BC76589F1F90CF1600104BEF /* MYScrollPageView */ = {
			isa = PBXGroup;
			children = (
				BC7658A01F90CF1600104BEF /* MYScrollPageCollectionView.h */,
				BC7658A11F90CF1600104BEF /* MYScrollPageCollectionView.m */,
				BC7658A21F90CF1600104BEF /* MYScrollPageStyle.h */,
				BC7658A31F90CF1600104BEF /* MYScrollPageStyle.m */,
				BC7658A41F90CF1600104BEF /* MYScrollPageTitleBar.h */,
				BC7658A51F90CF1600104BEF /* MYScrollPageTitleBar.m */,
				BC7658A61F90CF1600104BEF /* MYScrollPageView.h */,
				BC7658A71F90CF1600104BEF /* MYScrollPageView.m */,
			);
			path = MYScrollPageView;
			sourceTree = "<group>";
		};
		BC7658B11F90D16F00104BEF /* YYFPSLabel */ = {
			isa = PBXGroup;
			children = (
				BC7658B21F90D16F00104BEF /* YYFPSLabel.h */,
				BC7658B31F90D16F00104BEF /* YYFPSLabel.m */,
				BC7658B41F90D16F00104BEF /* YYWeakProxy.h */,
				BC7658B51F90D16F00104BEF /* YYWeakProxy.m */,
			);
			path = YYFPSLabel;
			sourceTree = "<group>";
		};
		BC9ED9ED1F8CC7CB00879220 /* MYParticleAnimation */ = {
			isa = PBXGroup;
			children = (
				BC9ED9EE1F8CC7CB00879220 /* CALayer+ParticleAnimation.h */,
				BC9ED9EF1F8CC7CB00879220 /* CALayer+ParticleAnimation.m */,
			);
			path = MYParticleAnimation;
			sourceTree = "<group>";
		};
		BCD146251F8B5EE60083987E /* MYWaterFallLayout */ = {
			isa = PBXGroup;
			children = (
				BCD146261F8B5EE60083987E /* MYWaterFallLayout.h */,
				BCD146271F8B5EE60083987E /* MYWaterFallLayout.m */,
			);
			path = MYWaterFallLayout;
			sourceTree = "<group>";
		};
/* End PBXGroup section */

/* Begin PBXNativeTarget section */
		BC40B1CD1F7CB0F400B968D4 /* MYLiveBroadcast */ = {
			isa = PBXNativeTarget;
			buildConfigurationList = BC40B1FA1F7CB0F500B968D4 /* Build configuration list for PBXNativeTarget "MYLiveBroadcast" */;
			buildPhases = (
				BC40B1CA1F7CB0F400B968D4 /* Sources */,
				BC40B1CB1F7CB0F400B968D4 /* Frameworks */,
				BC40B1CC1F7CB0F400B968D4 /* Resources */,
			);
			buildRules = (
			);
			dependencies = (
			);
			name = MYLiveBroadcast;
			productName = MYLiveBroadcast;
			productReference = BC40B1CE1F7CB0F400B968D4 /* MYLiveBroadcast.app */;
			productType = "com.apple.product-type.application";
		};
		BC40B1E51F7CB0F500B968D4 /* MYLiveBroadcastTests */ = {
			isa = PBXNativeTarget;
			buildConfigurationList = BC40B1FD1F7CB0F500B968D4 /* Build configuration list for PBXNativeTarget "MYLiveBroadcastTests" */;
			buildPhases = (
				BC40B1E21F7CB0F500B968D4 /* Sources */,
				BC40B1E31F7CB0F500B968D4 /* Frameworks */,
				BC40B1E41F7CB0F500B968D4 /* Resources */,
			);
			buildRules = (
			);
			dependencies = (
				BC40B1E81F7CB0F500B968D4 /* PBXTargetDependency */,
			);
			name = MYLiveBroadcastTests;
			productName = MYLiveBroadcastTests;
			productReference = BC40B1E61F7CB0F500B968D4 /* MYLiveBroadcastTests.xctest */;
			productType = "com.apple.product-type.bundle.unit-test";
		};
		BC40B1F01F7CB0F500B968D4 /* MYLiveBroadcastUITests */ = {
			isa = PBXNativeTarget;
			buildConfigurationList = BC40B2001F7CB0F500B968D4 /* Build configuration list for PBXNativeTarget "MYLiveBroadcastUITests" */;
			buildPhases = (
				BC40B1ED1F7CB0F500B968D4 /* Sources */,
				BC40B1EE1F7CB0F500B968D4 /* Frameworks */,
				BC40B1EF1F7CB0F500B968D4 /* Resources */,
			);
			buildRules = (
			);
			dependencies = (
				BC40B1F31F7CB0F500B968D4 /* PBXTargetDependency */,
			);
			name = MYLiveBroadcastUITests;
			productName = MYLiveBroadcastUITests;
			productReference = BC40B1F11F7CB0F500B968D4 /* MYLiveBroadcastUITests.xctest */;
			productType = "com.apple.product-type.bundle.ui-testing";
		};
/* End PBXNativeTarget section */

/* Begin PBXProject section */
		BC40B1C61F7CB0F400B968D4 /* Project object */ = {
			isa = PBXProject;
			attributes = {
				LastUpgradeCheck = 0900;
				ORGANIZATIONNAME = mayan;
				TargetAttributes = {
					BC40B1CD1F7CB0F400B968D4 = {
						CreatedOnToolsVersion = 9.0;
						ProvisioningStyle = Automatic;
					};
					BC40B1E51F7CB0F500B968D4 = {
						CreatedOnToolsVersion = 9.0;
						ProvisioningStyle = Automatic;
						TestTargetID = BC40B1CD1F7CB0F400B968D4;
					};
					BC40B1F01F7CB0F500B968D4 = {
						CreatedOnToolsVersion = 9.0;
						ProvisioningStyle = Automatic;
						TestTargetID = BC40B1CD1F7CB0F400B968D4;
					};
				};
			};
			buildConfigurationList = BC40B1C91F7CB0F400B968D4 /* Build configuration list for PBXProject "MYLiveBroadcast" */;
			compatibilityVersion = "Xcode 8.0";
			developmentRegion = en;
			hasScannedForEncodings = 0;
			knownRegions = (
				en,
				Base,
			);
			mainGroup = BC40B1C51F7CB0F400B968D4;
			productRefGroup = BC40B1CF1F7CB0F400B968D4 /* Products */;
			projectDirPath = "";
			projectRoot = "";
			targets = (
				BC40B1CD1F7CB0F400B968D4 /* MYLiveBroadcast */,
				BC40B1E51F7CB0F500B968D4 /* MYLiveBroadcastTests */,
				BC40B1F01F7CB0F500B968D4 /* MYLiveBroadcastUITests */,
			);
		};
/* End PBXProject section */

/* Begin PBXResourcesBuildPhase section */
		BC40B1CC1F7CB0F400B968D4 /* Resources */ = {
			isa = PBXResourcesBuildPhase;
			buildActionMask = 2147483647;
			files = (
				BC374CC11F8C60430054BD6A /* MYAnchorCell.xib in Resources */,
				BC40B1DB1F7CB0F400B968D4 /* Assets.xcassets in Resources */,
				BC9ED9EC1F8C6FB200879220 /* MYRoomViewController.xib in Resources */,
			);
			runOnlyForDeploymentPostprocessing = 0;
		};
		BC40B1E41F7CB0F500B968D4 /* Resources */ = {
			isa = PBXResourcesBuildPhase;
			buildActionMask = 2147483647;
			files = (
			);
			runOnlyForDeploymentPostprocessing = 0;
		};
		BC40B1EF1F7CB0F500B968D4 /* Resources */ = {
			isa = PBXResourcesBuildPhase;
			buildActionMask = 2147483647;
			files = (
			);
			runOnlyForDeploymentPostprocessing = 0;
		};
/* End PBXResourcesBuildPhase section */

/* Begin PBXSourcesBuildPhase section */
		BC40B1CA1F7CB0F400B968D4 /* Sources */ = {
			isa = PBXSourcesBuildPhase;
			buildActionMask = 2147483647;
			files = (
				BC40B2611F7CB30300B968D4 /* NSData+YYAdd.m in Sources */,
				BC40B25F1F7CB30300B968D4 /* NSArray+YYAdd.m in Sources */,
				BC7658AA1F90CF1600104BEF /* MYScrollPageTitleBar.m in Sources */,
				BC40B2761F7CB30300B968D4 /* UIGestureRecognizer+YYAdd.m in Sources */,
				BC40B25A1F7CB30300B968D4 /* UIBarButtonItem+Extension.m in Sources */,
				BC374C8E1F8B73EE0054BD6A /* UIImageView+HighlightedWebCache.m in Sources */,
				BC40B25C1F7CB30300B968D4 /* MYTabBarController.m in Sources */,
				BC40B26C1F7CB30300B968D4 /* NSTimer+YYAdd.m in Sources */,
				BC40B26D1F7CB30300B968D4 /* CALayer+YYAdd.m in Sources */,
				BC374CB71F8B79E30054BD6A /* MJPropertyType.m in Sources */,
				BC374C841F8B73EE0054BD6A /* SDWebImageCompat.m in Sources */,
				BC374C851F8B73EE0054BD6A /* SDWebImageDecoder.m in Sources */,
				BC40B2651F7CB30300B968D4 /* NSNotificationCenter+YYAdd.m in Sources */,
				BC40B28B1F7CB4BC00B968D4 /* MYDiscoverViewController.m in Sources */,
				BC7658B71F90D17000104BEF /* YYWeakProxy.m in Sources */,
				BC374C8C1F8B73EE0054BD6A /* UIImage+MultiFormat.m in Sources */,
				BC40B26E1F7CB30300B968D4 /* YYCGUtilities.m in Sources */,
				BC374C791F8B73EE0054BD6A /* AFNetworkReachabilityManager.m in Sources */,
				BC374C801F8B73EE0054BD6A /* NSData+ImageContentType.m in Sources */,
				BC374C3E1F8B6C620054BD6A /* MYAnchorModel.m in Sources */,
				BC374C9C1F8B78460054BD6A /* MYHomeDataService.m in Sources */,
				BC374C871F8B73EE0054BD6A /* SDWebImageDownloaderOperation.m in Sources */,
				BC374C391F8B6B920054BD6A /* MYRoomViewController.m in Sources */,
				BC374C861F8B73EE0054BD6A /* SDWebImageDownloader.m in Sources */,
				BC40B28E1F7CB4C800B968D4 /* MYProfileViewController.m in Sources */,
				BC40B26A1F7CB30300B968D4 /* NSString+YYAdd.m in Sources */,
				BC40B27A1F7CB30300B968D4 /* UITableView+YYAdd.m in Sources */,
				BC374C7B1F8B73EE0054BD6A /* AFURLRequestSerialization.m in Sources */,
				BC40B2911F7CB4D200B968D4 /* MYRankViewController.m in Sources */,
				BC9ED9F01F8CC7CB00879220 /* CALayer+ParticleAnimation.m in Sources */,
				BC40B2711F7CB30300B968D4 /* UIBezierPath+YYAdd.m in Sources */,
				BC374CB81F8B79E30054BD6A /* NSObject+MJClass.m in Sources */,
				BC374C7C1F8B73EE0054BD6A /* AFURLResponseSerialization.m in Sources */,
				BC374C8A1F8B73EE0054BD6A /* UIButton+WebCache.m in Sources */,
				BC40B2791F7CB30300B968D4 /* UIScrollView+YYAdd.m in Sources */,
				BC374CB41F8B79E30054BD6A /* MJFoundation.m in Sources */,
				BC40B2631F7CB30300B968D4 /* NSDictionary+YYAdd.m in Sources */,
				BC374CB51F8B79E30054BD6A /* MJProperty.m in Sources */,
				BC374C7F1F8B73EE0054BD6A /* MKAnnotationView+WebCache.m in Sources */,
				BC374C911F8B73EE0054BD6A /* UIView+WebCacheOperation.m in Sources */,
				BC7658B61F90D17000104BEF /* YYFPSLabel.m in Sources */,
				BC40B2721F7CB30300B968D4 /* UIColor+YYAdd.m in Sources */,
				BC40B25B1F7CB30300B968D4 /* MYNavigationController.m in Sources */,
				BC40B2661F7CB30300B968D4 /* NSNumber+YYAdd.m in Sources */,
				BC374C811F8B73EE0054BD6A /* NSImage+WebCache.m in Sources */,
				BC40B2681F7CB30300B968D4 /* NSObject+YYAddForARC.m in Sources */,
				BC40B2781F7CB30300B968D4 /* UIScreen+YYAdd.m in Sources */,
				BC63C6BF1F8B5FC500A2DA7B /* MYAnchorViewController.m in Sources */,
				BC374CBB1F8B79E30054BD6A /* NSObject+MJProperty.m in Sources */,
				BC40B26B1F7CB30300B968D4 /* NSThread+YYAdd.m in Sources */,
				BC374CB31F8B79E30054BD6A /* MJExtensionConst.m in Sources */,
				BC374CB61F8B79E30054BD6A /* MJPropertyKey.m in Sources */,
				BC40B2771F7CB30300B968D4 /* UIImage+YYAdd.m in Sources */,
				BC40B2641F7CB30300B968D4 /* NSKeyedUnarchiver+YYAdd.m in Sources */,
				BC374CBA1F8B79E30054BD6A /* NSObject+MJKeyValue.m in Sources */,
				BC40B2731F7CB30300B968D4 /* UIControl+YYAdd.m in Sources */,
				BC40B27C1F7CB30300B968D4 /* UIView+YYAdd.m in Sources */,
				BC374CB91F8B79E30054BD6A /* NSObject+MJCoding.m in Sources */,
				BC40B2751F7CB30300B968D4 /* UIFont+YYAdd.m in Sources */,
				BC374C7E1F8B73EE0054BD6A /* MBProgressHUD.m in Sources */,
				BC374C991F8B76D00054BD6A /* MYHTTPTool.m in Sources */,
				BC40B2671F7CB30300B968D4 /* NSObject+YYAdd.m in Sources */,
				BC7658A91F90CF1600104BEF /* MYScrollPageStyle.m in Sources */,
				BC374C8F1F8B73EE0054BD6A /* UIImageView+WebCache.m in Sources */,
				BCD146281F8B5EE60083987E /* MYWaterFallLayout.m in Sources */,
				BC40B2741F7CB30300B968D4 /* UIDevice+YYAdd.m in Sources */,
				BC374C8B1F8B73EE0054BD6A /* UIImage+GIF.m in Sources */,
				BC374C901F8B73EE0054BD6A /* UIView+WebCache.m in Sources */,
				BC7658AB1F90CF1600104BEF /* MYScrollPageView.m in Sources */,
				BC40B26F1F7CB30300B968D4 /* UIApplication+YYAdd.m in Sources */,
				BC40B2621F7CB30300B968D4 /* NSDate+YYAdd.m in Sources */,
				BC374C781F8B73EE0054BD6A /* AFHTTPSessionManager.m in Sources */,
				BC374CBC1F8B79E30054BD6A /* NSString+MJExtension.m in Sources */,
				BC40B2601F7CB30300B968D4 /* NSBundle+YYAdd.m in Sources */,
				BC374C7D1F8B73EE0054BD6A /* AFURLSessionManager.m in Sources */,
				BC7658A81F90CF1600104BEF /* MYScrollPageCollectionView.m in Sources */,
				BC374C7A1F8B73EE0054BD6A /* AFSecurityPolicy.m in Sources */,
				BC40B2881F7CB49B00B968D4 /* MYHomeViewController.m in Sources */,
				BC374C821F8B73EE0054BD6A /* SDImageCache.m in Sources */,
				BC374C881F8B73EE0054BD6A /* SDWebImageManager.m in Sources */,
				BC374CC01F8C60430054BD6A /* MYAnchorCell.m in Sources */,
				BC40B2691F7CB30300B968D4 /* NSObject+YYAddForKVO.m in Sources */,
				BC40B27B1F7CB30300B968D4 /* UITextField+YYAdd.m in Sources */,
				BC374C831F8B73EE0054BD6A /* SDImageCacheConfig.m in Sources */,
				BC40B2591F7CB30300B968D4 /* AppDelegate.m in Sources */,
				BC40B2701F7CB30300B968D4 /* UIBarButtonItem+YYAdd.m in Sources */,
				BC374C891F8B73EE0054BD6A /* SDWebImagePrefetcher.m in Sources */,
				BC374C8D1F8B73EE0054BD6A /* UIImage+WebP.m in Sources */,
				BC40B25D1F7CB30300B968D4 /* MYPlacehoderTextView.m in Sources */,
				BC40B1E11F7CB0F400B968D4 /* main.m in Sources */,
			);
			runOnlyForDeploymentPostprocessing = 0;
		};
		BC40B1E21F7CB0F500B968D4 /* Sources */ = {
			isa = PBXSourcesBuildPhase;
			buildActionMask = 2147483647;
			files = (
				BC40B1EB1F7CB0F500B968D4 /* MYLiveBroadcastTests.m in Sources */,
			);
			runOnlyForDeploymentPostprocessing = 0;
		};
		BC40B1ED1F7CB0F500B968D4 /* Sources */ = {
			isa = PBXSourcesBuildPhase;
			buildActionMask = 2147483647;
			files = (
				BC40B1F61F7CB0F500B968D4 /* MYLiveBroadcastUITests.m in Sources */,
			);
			runOnlyForDeploymentPostprocessing = 0;
		};
/* End PBXSourcesBuildPhase section */

/* Begin PBXTargetDependency section */
		BC40B1E81F7CB0F500B968D4 /* PBXTargetDependency */ = {
			isa = PBXTargetDependency;
			target = BC40B1CD1F7CB0F400B968D4 /* MYLiveBroadcast */;
			targetProxy = BC40B1E71F7CB0F500B968D4 /* PBXContainerItemProxy */;
		};
		BC40B1F31F7CB0F500B968D4 /* PBXTargetDependency */ = {
			isa = PBXTargetDependency;
			target = BC40B1CD1F7CB0F400B968D4 /* MYLiveBroadcast */;
			targetProxy = BC40B1F21F7CB0F500B968D4 /* PBXContainerItemProxy */;
		};
/* End PBXTargetDependency section */

/* Begin XCBuildConfiguration section */
		BC40B1F81F7CB0F500B968D4 /* Debug */ = {
			isa = XCBuildConfiguration;
			buildSettings = {
				ALWAYS_SEARCH_USER_PATHS = NO;
				CLANG_ANALYZER_NONNULL = YES;
				CLANG_ANALYZER_NUMBER_OBJECT_CONVERSION = YES_AGGRESSIVE;
				CLANG_CXX_LANGUAGE_STANDARD = "gnu++14";
				CLANG_CXX_LIBRARY = "libc++";
				CLANG_ENABLE_MODULES = YES;
				CLANG_ENABLE_OBJC_ARC = YES;
				CLANG_WARN_BLOCK_CAPTURE_AUTORELEASING = YES;
				CLANG_WARN_BOOL_CONVERSION = YES;
				CLANG_WARN_COMMA = YES;
				CLANG_WARN_CONSTANT_CONVERSION = YES;
				CLANG_WARN_DIRECT_OBJC_ISA_USAGE = YES_ERROR;
				CLANG_WARN_DOCUMENTATION_COMMENTS = YES;
				CLANG_WARN_EMPTY_BODY = YES;
				CLANG_WARN_ENUM_CONVERSION = YES;
				CLANG_WARN_INFINITE_RECURSION = YES;
				CLANG_WARN_INT_CONVERSION = YES;
				CLANG_WARN_NON_LITERAL_NULL_CONVERSION = YES;
				CLANG_WARN_OBJC_LITERAL_CONVERSION = YES;
				CLANG_WARN_OBJC_ROOT_CLASS = YES_ERROR;
				CLANG_WARN_RANGE_LOOP_ANALYSIS = YES;
				CLANG_WARN_STRICT_PROTOTYPES = YES;
				CLANG_WARN_SUSPICIOUS_MOVE = YES;
				CLANG_WARN_UNGUARDED_AVAILABILITY = YES_AGGRESSIVE;
				CLANG_WARN_UNREACHABLE_CODE = YES;
				CLANG_WARN__DUPLICATE_METHOD_MATCH = YES;
				CODE_SIGN_IDENTITY = "iPhone Developer";
				COPY_PHASE_STRIP = NO;
				DEBUG_INFORMATION_FORMAT = dwarf;
				ENABLE_STRICT_OBJC_MSGSEND = YES;
				ENABLE_TESTABILITY = YES;
				GCC_C_LANGUAGE_STANDARD = gnu11;
				GCC_DYNAMIC_NO_PIC = NO;
				GCC_NO_COMMON_BLOCKS = YES;
				GCC_OPTIMIZATION_LEVEL = 0;
				GCC_PREPROCESSOR_DEFINITIONS = (
					"DEBUG=1",
					"$(inherited)",
				);
				GCC_WARN_64_TO_32_BIT_CONVERSION = YES;
				GCC_WARN_ABOUT_RETURN_TYPE = YES_ERROR;
				GCC_WARN_UNDECLARED_SELECTOR = YES;
				GCC_WARN_UNINITIALIZED_AUTOS = YES_AGGRESSIVE;
				GCC_WARN_UNUSED_FUNCTION = YES;
				GCC_WARN_UNUSED_VARIABLE = YES;
				IPHONEOS_DEPLOYMENT_TARGET = 11.0;
				MTL_ENABLE_DEBUG_INFO = YES;
				ONLY_ACTIVE_ARCH = YES;
				SDKROOT = iphoneos;
			};
			name = Debug;
		};
		BC40B1F91F7CB0F500B968D4 /* Release */ = {
			isa = XCBuildConfiguration;
			buildSettings = {
				ALWAYS_SEARCH_USER_PATHS = NO;
				CLANG_ANALYZER_NONNULL = YES;
				CLANG_ANALYZER_NUMBER_OBJECT_CONVERSION = YES_AGGRESSIVE;
				CLANG_CXX_LANGUAGE_STANDARD = "gnu++14";
				CLANG_CXX_LIBRARY = "libc++";
				CLANG_ENABLE_MODULES = YES;
				CLANG_ENABLE_OBJC_ARC = YES;
				CLANG_WARN_BLOCK_CAPTURE_AUTORELEASING = YES;
				CLANG_WARN_BOOL_CONVERSION = YES;
				CLANG_WARN_COMMA = YES;
				CLANG_WARN_CONSTANT_CONVERSION = YES;
				CLANG_WARN_DIRECT_OBJC_ISA_USAGE = YES_ERROR;
				CLANG_WARN_DOCUMENTATION_COMMENTS = YES;
				CLANG_WARN_EMPTY_BODY = YES;
				CLANG_WARN_ENUM_CONVERSION = YES;
				CLANG_WARN_INFINITE_RECURSION = YES;
				CLANG_WARN_INT_CONVERSION = YES;
				CLANG_WARN_NON_LITERAL_NULL_CONVERSION = YES;
				CLANG_WARN_OBJC_LITERAL_CONVERSION = YES;
				CLANG_WARN_OBJC_ROOT_CLASS = YES_ERROR;
				CLANG_WARN_RANGE_LOOP_ANALYSIS = YES;
				CLANG_WARN_STRICT_PROTOTYPES = YES;
				CLANG_WARN_SUSPICIOUS_MOVE = YES;
				CLANG_WARN_UNGUARDED_AVAILABILITY = YES_AGGRESSIVE;
				CLANG_WARN_UNREACHABLE_CODE = YES;
				CLANG_WARN__DUPLICATE_METHOD_MATCH = YES;
				CODE_SIGN_IDENTITY = "iPhone Developer";
				COPY_PHASE_STRIP = NO;
				DEBUG_INFORMATION_FORMAT = "dwarf-with-dsym";
				ENABLE_NS_ASSERTIONS = NO;
				ENABLE_STRICT_OBJC_MSGSEND = YES;
				GCC_C_LANGUAGE_STANDARD = gnu11;
				GCC_NO_COMMON_BLOCKS = YES;
				GCC_WARN_64_TO_32_BIT_CONVERSION = YES;
				GCC_WARN_ABOUT_RETURN_TYPE = YES_ERROR;
				GCC_WARN_UNDECLARED_SELECTOR = YES;
				GCC_WARN_UNINITIALIZED_AUTOS = YES_AGGRESSIVE;
				GCC_WARN_UNUSED_FUNCTION = YES;
				GCC_WARN_UNUSED_VARIABLE = YES;
				IPHONEOS_DEPLOYMENT_TARGET = 11.0;
				MTL_ENABLE_DEBUG_INFO = NO;
				SDKROOT = iphoneos;
				VALIDATE_PRODUCT = YES;
			};
			name = Release;
		};
		BC40B1FB1F7CB0F500B968D4 /* Debug */ = {
			isa = XCBuildConfiguration;
			buildSettings = {
				ASSETCATALOG_COMPILER_APPICON_NAME = AppIcon;
				ASSETCATALOG_COMPILER_LAUNCHIMAGE_NAME = LaunchImage;
				CODE_SIGN_STYLE = Automatic;
				DEVELOPMENT_TEAM = T5Y5G8MDK4;
				GCC_PREFIX_HEADER = MYLiveBroadcast/PrefixHeader.pch;
				INFOPLIST_FILE = MYLiveBroadcast/Info.plist;
				IPHONEOS_DEPLOYMENT_TARGET = 9.0;
				LD_RUNPATH_SEARCH_PATHS = "$(inherited) @executable_path/Frameworks";
				PRODUCT_BUNDLE_IDENTIFIER = com.mayan.MYLiveBroadcast;
				PRODUCT_NAME = "$(TARGET_NAME)";
				TARGETED_DEVICE_FAMILY = 1;
			};
			name = Debug;
		};
		BC40B1FC1F7CB0F500B968D4 /* Release */ = {
			isa = XCBuildConfiguration;
			buildSettings = {
				ASSETCATALOG_COMPILER_APPICON_NAME = AppIcon;
				ASSETCATALOG_COMPILER_LAUNCHIMAGE_NAME = LaunchImage;
				CODE_SIGN_STYLE = Automatic;
				DEVELOPMENT_TEAM = T5Y5G8MDK4;
				GCC_PREFIX_HEADER = MYLiveBroadcast/PrefixHeader.pch;
				INFOPLIST_FILE = MYLiveBroadcast/Info.plist;
				IPHONEOS_DEPLOYMENT_TARGET = 9.0;
				LD_RUNPATH_SEARCH_PATHS = "$(inherited) @executable_path/Frameworks";
				PRODUCT_BUNDLE_IDENTIFIER = com.mayan.MYLiveBroadcast;
				PRODUCT_NAME = "$(TARGET_NAME)";
				TARGETED_DEVICE_FAMILY = 1;
			};
			name = Release;
		};
		BC40B1FE1F7CB0F500B968D4 /* Debug */ = {
			isa = XCBuildConfiguration;
			buildSettings = {
				BUNDLE_LOADER = "$(TEST_HOST)";
				CODE_SIGN_STYLE = Automatic;
				INFOPLIST_FILE = MYLiveBroadcastTests/Info.plist;
				LD_RUNPATH_SEARCH_PATHS = "$(inherited) @executable_path/Frameworks @loader_path/Frameworks";
				PRODUCT_BUNDLE_IDENTIFIER = com.mayan.MYLiveBroadcastTests;
				PRODUCT_NAME = "$(TARGET_NAME)";
				TARGETED_DEVICE_FAMILY = "1,2";
				TEST_HOST = "$(BUILT_PRODUCTS_DIR)/MYLiveBroadcast.app/MYLiveBroadcast";
			};
			name = Debug;
		};
		BC40B1FF1F7CB0F500B968D4 /* Release */ = {
			isa = XCBuildConfiguration;
			buildSettings = {
				BUNDLE_LOADER = "$(TEST_HOST)";
				CODE_SIGN_STYLE = Automatic;
				INFOPLIST_FILE = MYLiveBroadcastTests/Info.plist;
				LD_RUNPATH_SEARCH_PATHS = "$(inherited) @executable_path/Frameworks @loader_path/Frameworks";
				PRODUCT_BUNDLE_IDENTIFIER = com.mayan.MYLiveBroadcastTests;
				PRODUCT_NAME = "$(TARGET_NAME)";
				TARGETED_DEVICE_FAMILY = "1,2";
				TEST_HOST = "$(BUILT_PRODUCTS_DIR)/MYLiveBroadcast.app/MYLiveBroadcast";
			};
			name = Release;
		};
		BC40B2011F7CB0F500B968D4 /* Debug */ = {
			isa = XCBuildConfiguration;
			buildSettings = {
				CODE_SIGN_STYLE = Automatic;
				INFOPLIST_FILE = MYLiveBroadcastUITests/Info.plist;
				LD_RUNPATH_SEARCH_PATHS = "$(inherited) @executable_path/Frameworks @loader_path/Frameworks";
				PRODUCT_BUNDLE_IDENTIFIER = com.mayan.MYLiveBroadcastUITests;
				PRODUCT_NAME = "$(TARGET_NAME)";
				TARGETED_DEVICE_FAMILY = "1,2";
				TEST_TARGET_NAME = MYLiveBroadcast;
			};
			name = Debug;
		};
		BC40B2021F7CB0F500B968D4 /* Release */ = {
			isa = XCBuildConfiguration;
			buildSettings = {
				CODE_SIGN_STYLE = Automatic;
				INFOPLIST_FILE = MYLiveBroadcastUITests/Info.plist;
				LD_RUNPATH_SEARCH_PATHS = "$(inherited) @executable_path/Frameworks @loader_path/Frameworks";
				PRODUCT_BUNDLE_IDENTIFIER = com.mayan.MYLiveBroadcastUITests;
				PRODUCT_NAME = "$(TARGET_NAME)";
				TARGETED_DEVICE_FAMILY = "1,2";
				TEST_TARGET_NAME = MYLiveBroadcast;
			};
			name = Release;
		};
/* End XCBuildConfiguration section */

/* Begin XCConfigurationList section */
		BC40B1C91F7CB0F400B968D4 /* Build configuration list for PBXProject "MYLiveBroadcast" */ = {
			isa = XCConfigurationList;
			buildConfigurations = (
				BC40B1F81F7CB0F500B968D4 /* Debug */,
				BC40B1F91F7CB0F500B968D4 /* Release */,
			);
			defaultConfigurationIsVisible = 0;
			defaultConfigurationName = Release;
		};
		BC40B1FA1F7CB0F500B968D4 /* Build configuration list for PBXNativeTarget "MYLiveBroadcast" */ = {
			isa = XCConfigurationList;
			buildConfigurations = (
				BC40B1FB1F7CB0F500B968D4 /* Debug */,
				BC40B1FC1F7CB0F500B968D4 /* Release */,
			);
			defaultConfigurationIsVisible = 0;
			defaultConfigurationName = Release;
		};
		BC40B1FD1F7CB0F500B968D4 /* Build configuration list for PBXNativeTarget "MYLiveBroadcastTests" */ = {
			isa = XCConfigurationList;
			buildConfigurations = (
				BC40B1FE1F7CB0F500B968D4 /* Debug */,
				BC40B1FF1F7CB0F500B968D4 /* Release */,
			);
			defaultConfigurationIsVisible = 0;
			defaultConfigurationName = Release;
		};
		BC40B2001F7CB0F500B968D4 /* Build configuration list for PBXNativeTarget "MYLiveBroadcastUITests" */ = {
			isa = XCConfigurationList;
			buildConfigurations = (
				BC40B2011F7CB0F500B968D4 /* Debug */,
				BC40B2021F7CB0F500B968D4 /* Release */,
			);
			defaultConfigurationIsVisible = 0;
			defaultConfigurationName = Release;
		};
/* End XCConfigurationList section */
	};
	rootObject = BC40B1C61F7CB0F400B968D4 /* Project object */;
}
